// !$*UTF8*$!
{
	archiveVersion = 1;
	classes = {
	};
	objectVersion = 48;
	objects = {

/* Begin PBXBuildFile section */
		23BA2D0321B2BD4B00DC28DB /* AppDelegate.swift in Sources */ = {isa = PBXBuildFile; fileRef = 23BA2D0221B2BD4B00DC28DB /* AppDelegate.swift */; };
		23BA2D0521B2BD4B00DC28DB /* MapViewController.swift in Sources */ = {isa = PBXBuildFile; fileRef = 23BA2D0421B2BD4B00DC28DB /* MapViewController.swift */; };
		23BA2D0721B2BD4B00DC28DB /* TableViewController.swift in Sources */ = {isa = PBXBuildFile; fileRef = 23BA2D0621B2BD4B00DC28DB /* TableViewController.swift */; };
		23BA2D0A21B2BD4B00DC28DB /* Main.storyboard in Resources */ = {isa = PBXBuildFile; fileRef = 23BA2D0821B2BD4B00DC28DB /* Main.storyboard */; };
		23BA2D0C21B2BD4B00DC28DB /* Assets.xcassets in Resources */ = {isa = PBXBuildFile; fileRef = 23BA2D0B21B2BD4B00DC28DB /* Assets.xcassets */; };
		23BA2D0F21B2BD4B00DC28DB /* LaunchScreen.storyboard in Resources */ = {isa = PBXBuildFile; fileRef = 23BA2D0D21B2BD4B00DC28DB /* LaunchScreen.storyboard */; };
		23BA2D3321B3059400DC28DB /* Item.swift in Sources */ = {isa = PBXBuildFile; fileRef = 23BA2D3221B3059400DC28DB /* Item.swift */; };
/* End PBXBuildFile section */

/* Begin PBXContainerItemProxy section */
		23BA2D1621B2BD4B00DC28DB /* PBXContainerItemProxy */ = {
			isa = PBXContainerItemProxy;
			containerPortal = 23BA2CF721B2BD4B00DC28DB /* Project object */;
			proxyType = 1;
			remoteGlobalIDString = 23BA2CFE21B2BD4B00DC28DB;
			remoteInfo = Kanto;
		};
		23BA2D2121B2BD4B00DC28DB /* PBXContainerItemProxy */ = {
			isa = PBXContainerItemProxy;
			containerPortal = 23BA2CF721B2BD4B00DC28DB /* Project object */;
			proxyType = 1;
			remoteGlobalIDString = 23BA2CFE21B2BD4B00DC28DB;
			remoteInfo = Kanto;
		};
/* End PBXContainerItemProxy section */

/* Begin PBXFileReference section */
		23B2701D225BC9F200EB4F33 /* Kanto.app */ = {isa = PBXFileReference; explicitFileType = wrapper.application; includeInIndex = 0; path = Kanto.app; sourceTree = BUILT_PRODUCTS_DIR; };
		23BA2D0221B2BD4B00DC28DB /* AppDelegate.swift */ = {isa = PBXFileReference; lastKnownFileType = sourcecode.swift; path = AppDelegate.swift; sourceTree = "<group>"; };
		23BA2D0421B2BD4B00DC28DB /* MapViewController.swift */ = {isa = PBXFileReference; lastKnownFileType = sourcecode.swift; path = MapViewController.swift; sourceTree = "<group>"; };
		23BA2D0621B2BD4B00DC28DB /* TableViewController.swift */ = {isa = PBXFileReference; lastKnownFileType = sourcecode.swift; path = TableViewController.swift; sourceTree = "<group>"; };
		23BA2D0921B2BD4B00DC28DB /* Base */ = {isa = PBXFileReference; lastKnownFileType = file.storyboard; name = Base; path = Base.lproj/Main.storyboard; sourceTree = "<group>"; };
		23BA2D0B21B2BD4B00DC28DB /* Assets.xcassets */ = {isa = PBXFileReference; lastKnownFileType = folder.assetcatalog; path = Assets.xcassets; sourceTree = "<group>"; };
		23BA2D0E21B2BD4B00DC28DB /* Base */ = {isa = PBXFileReference; lastKnownFileType = file.storyboard; name = Base; path = Base.lproj/LaunchScreen.storyboard; sourceTree = "<group>"; };
		23BA2D1021B2BD4B00DC28DB /* Info.plist */ = {isa = PBXFileReference; lastKnownFileType = text.plist.xml; path = Info.plist; sourceTree = "<group>"; };
		23BA2D1521B2BD4B00DC28DB /* KantoTests.xctest */ = {isa = PBXFileReference; explicitFileType = wrapper.cfbundle; includeInIndex = 0; name = KantoTests.xctest; path = "/Users/dsemeryc/projects/SwiftPiscine/d05/build/Debug-iphoneos/KantoTests.xctest"; sourceTree = "<absolute>"; };
		23BA2D2021B2BD4B00DC28DB /* KantoUITests.xctest */ = {isa = PBXFileReference; explicitFileType = wrapper.cfbundle; includeInIndex = 0; name = KantoUITests.xctest; path = "/Users/dsemeryc/projects/SwiftPiscine/d05/build/Debug-iphoneos/KantoUITests.xctest"; sourceTree = "<absolute>"; };
		23BA2D3221B3059400DC28DB /* Item.swift */ = {isa = PBXFileReference; lastKnownFileType = sourcecode.swift; path = Item.swift; sourceTree = "<group>"; };
/* End PBXFileReference section */

/* Begin PBXFrameworksBuildPhase section */
		23BA2CFC21B2BD4B00DC28DB /* Frameworks */ = {
			isa = PBXFrameworksBuildPhase;
			buildActionMask = 2147483647;
			files = (
			);
			runOnlyForDeploymentPostprocessing = 0;
		};
		23BA2D1221B2BD4B00DC28DB /* Frameworks */ = {
			isa = PBXFrameworksBuildPhase;
			buildActionMask = 2147483647;
			files = (
			);
			runOnlyForDeploymentPostprocessing = 0;
		};
		23BA2D1D21B2BD4B00DC28DB /* Frameworks */ = {
			isa = PBXFrameworksBuildPhase;
			buildActionMask = 2147483647;
			files = (
			);
			runOnlyForDeploymentPostprocessing = 0;
		};
/* End PBXFrameworksBuildPhase section */

/* Begin PBXGroup section */
		23BA2CF621B2BD4A00DC28DB = {
			isa = PBXGroup;
			children = (
				23BA2D0121B2BD4B00DC28DB /* Kanto */,
				23B2701D225BC9F200EB4F33 /* Kanto.app */,
			);
			sourceTree = "<group>";
		};
		23BA2D0121B2BD4B00DC28DB /* Kanto */ = {
			isa = PBXGroup;
			children = (
				23BA2D0221B2BD4B00DC28DB /* AppDelegate.swift */,
				23BA2D0421B2BD4B00DC28DB /* MapViewController.swift */,
				23BA2D3221B3059400DC28DB /* Item.swift */,
				23BA2D0621B2BD4B00DC28DB /* TableViewController.swift */,
				23BA2D0821B2BD4B00DC28DB /* Main.storyboard */,
				23BA2D0B21B2BD4B00DC28DB /* Assets.xcassets */,
				23BA2D0D21B2BD4B00DC28DB /* LaunchScreen.storyboard */,
				23BA2D1021B2BD4B00DC28DB /* Info.plist */,
			);
			path = Kanto;
			sourceTree = "<group>";
		};
/* End PBXGroup section */

/* Begin PBXNativeTarget section */
		23BA2CFE21B2BD4B00DC28DB /* Kanto */ = {
			isa = PBXNativeTarget;
			buildConfigurationList = 23BA2D2921B2BD4B00DC28DB /* Build configuration list for PBXNativeTarget "Kanto" */;
			buildPhases = (
				23BA2CFB21B2BD4B00DC28DB /* Sources */,
				23BA2CFC21B2BD4B00DC28DB /* Frameworks */,
				23BA2CFD21B2BD4B00DC28DB /* Resources */,
			);
			buildRules = (
			);
			dependencies = (
			);
			name = Kanto;
			productName = Kanto;
			productReference = 23B2701D225BC9F200EB4F33 /* Kanto.app */;
			productType = "com.apple.product-type.application";
		};
		23BA2D1421B2BD4B00DC28DB /* KantoTests */ = {
			isa = PBXNativeTarget;
			buildConfigurationList = 23BA2D2C21B2BD4B00DC28DB /* Build configuration list for PBXNativeTarget "KantoTests" */;
			buildPhases = (
				23BA2D1121B2BD4B00DC28DB /* Sources */,
				23BA2D1221B2BD4B00DC28DB /* Frameworks */,
				23BA2D1321B2BD4B00DC28DB /* Resources */,
			);
			buildRules = (
			);
			dependencies = (
				23BA2D1721B2BD4B00DC28DB /* PBXTargetDependency */,
			);
			name = KantoTests;
			productName = KantoTests;
			productReference = 23BA2D1521B2BD4B00DC28DB /* KantoTests.xctest */;
			productType = "com.apple.product-type.bundle.unit-test";
		};
		23BA2D1F21B2BD4B00DC28DB /* KantoUITests */ = {
			isa = PBXNativeTarget;
			buildConfigurationList = 23BA2D2F21B2BD4B00DC28DB /* Build configuration list for PBXNativeTarget "KantoUITests" */;
			buildPhases = (
				23BA2D1C21B2BD4B00DC28DB /* Sources */,
				23BA2D1D21B2BD4B00DC28DB /* Frameworks */,
				23BA2D1E21B2BD4B00DC28DB /* Resources */,
			);
			buildRules = (
			);
			dependencies = (
				23BA2D2221B2BD4B00DC28DB /* PBXTargetDependency */,
			);
			name = KantoUITests;
			productName = KantoUITests;
			productReference = 23BA2D2021B2BD4B00DC28DB /* KantoUITests.xctest */;
			productType = "com.apple.product-type.bundle.ui-testing";
		};
/* End PBXNativeTarget section */

/* Begin PBXProject section */
		23BA2CF721B2BD4B00DC28DB /* Project object */ = {
			isa = PBXProject;
			attributes = {
				LastSwiftUpdateCheck = 0920;
				LastUpgradeCheck = 0920;
				ORGANIZATIONNAME = "Denis SEMERYCH";
				TargetAttributes = {
					23BA2CFE21B2BD4B00DC28DB = {
						CreatedOnToolsVersion = 9.2;
						ProvisioningStyle = Automatic;
					};
					23BA2D1421B2BD4B00DC28DB = {
						CreatedOnToolsVersion = 9.2;
						ProvisioningStyle = Automatic;
						TestTargetID = 23BA2CFE21B2BD4B00DC28DB;
					};
					23BA2D1F21B2BD4B00DC28DB = {
						CreatedOnToolsVersion = 9.2;
						ProvisioningStyle = Automatic;
						TestTargetID = 23BA2CFE21B2BD4B00DC28DB;
					};
				};
			};
			buildConfigurationList = 23BA2CFA21B2BD4B00DC28DB /* Build configuration list for PBXProject "Kanto" */;
			compatibilityVersion = "Xcode 8.0";
			developmentRegion = en;
			hasScannedForEncodings = 0;
			knownRegions = (
				en,
				Base,
			);
			mainGroup = 23BA2CF621B2BD4A00DC28DB;
			productRefGroup = 23BA2CF621B2BD4A00DC28DB;
			projectDirPath = "";
			projectRoot = "";
			targets = (
				23BA2CFE21B2BD4B00DC28DB /* Kanto */,
				23BA2D1421B2BD4B00DC28DB /* KantoTests */,
				23BA2D1F21B2BD4B00DC28DB /* KantoUITests */,
			);
		};
/* End PBXProject section */

/* Begin PBXResourcesBuildPhase section */
		23BA2CFD21B2BD4B00DC28DB /* Resources */ = {
			isa = PBXResourcesBuildPhase;
			buildActionMask = 2147483647;
			files = (
				23BA2D0F21B2BD4B00DC28DB /* LaunchScreen.storyboard in Resources */,
				23BA2D0C21B2BD4B00DC28DB /* Assets.xcassets in Resources */,
				23BA2D0A21B2BD4B00DC28DB /* Main.storyboard in Resources */,
			);
			runOnlyForDeploymentPostprocessing = 0;
		};
		23BA2D1321B2BD4B00DC28DB /* Resources */ = {
			isa = PBXResourcesBuildPhase;
			buildActionMask = 2147483647;
			files = (
			);
			runOnlyForDeploymentPostprocessing = 0;
		};
		23BA2D1E21B2BD4B00DC28DB /* Resources */ = {
			isa = PBXResourcesBuildPhase;
			buildActionMask = 2147483647;
			files = (
			);
			runOnlyForDeploymentPostprocessing = 0;
		};
/* End PBXResourcesBuildPhase section */

/* Begin PBXSourcesBuildPhase section */
		23BA2CFB21B2BD4B00DC28DB /* Sources */ = {
			isa = PBXSourcesBuildPhase;
			buildActionMask = 2147483647;
			files = (
				23BA2D3321B3059400DC28DB /* Item.swift in Sources */,
				23BA2D0721B2BD4B00DC28DB /* TableViewController.swift in Sources */,
				23BA2D0321B2BD4B00DC28DB /* AppDelegate.swift in Sources */,
				23BA2D0521B2BD4B00DC28DB /* MapViewController.swift in Sources */,
			);
			runOnlyForDeploymentPostprocessing = 0;
		};
		23BA2D1121B2BD4B00DC28DB /* Sources */ = {
			isa = PBXSourcesBuildPhase;
			buildActionMask = 2147483647;
			files = (
			);
			runOnlyForDeploymentPostprocessing = 0;
		};
		23BA2D1C21B2BD4B00DC28DB /* Sources */ = {
			isa = PBXSourcesBuildPhase;
			buildActionMask = 2147483647;
			files = (
			);
			runOnlyForDeploymentPostprocessing = 0;
		};
/* End PBXSourcesBuildPhase section */

/* Begin PBXTargetDependency section */
		23BA2D1721B2BD4B00DC28DB /* PBXTargetDependency */ = {
			isa = PBXTargetDependency;
			target = 23BA2CFE21B2BD4B00DC28DB /* Kanto */;
			targetProxy = 23BA2D1621B2BD4B00DC28DB /* PBXContainerItemProxy */;
		};
		23BA2D2221B2BD4B00DC28DB /* PBXTargetDependency */ = {
			isa = PBXTargetDependency;
			target = 23BA2CFE21B2BD4B00DC28DB /* Kanto */;
			targetProxy = 23BA2D2121B2BD4B00DC28DB /* PBXContainerItemProxy */;
		};
/* End PBXTargetDependency section */

/* Begin PBXVariantGroup section */
		23BA2D0821B2BD4B00DC28DB /* Main.storyboard */ = {
			isa = PBXVariantGroup;
			children = (
				23BA2D0921B2BD4B00DC28DB /* Base */,
			);
			name = Main.storyboard;
			sourceTree = "<group>";
		};
		23BA2D0D21B2BD4B00DC28DB /* LaunchScreen.storyboard */ = {
			isa = PBXVariantGroup;
			children = (
				23BA2D0E21B2BD4B00DC28DB /* Base */,
			);
			name = LaunchScreen.storyboard;
			sourceTree = "<group>";
		};
/* End PBXVariantGroup section */

/* Begin XCBuildConfiguration section */
		23BA2D2721B2BD4B00DC28DB /* Debug */ = {
			isa = XCBuildConfiguration;
			buildSettings = {
				ALWAYS_SEARCH_USER_PATHS = NO;
				CLANG_ANALYZER_NONNULL = YES;
				CLANG_ANALYZER_NUMBER_OBJECT_CONVERSION = YES_AGGRESSIVE;
				CLANG_CXX_LANGUAGE_STANDARD = "gnu++14";
				CLANG_CXX_LIBRARY = "libc++";
				CLANG_ENABLE_MODULES = YES;
				CLANG_ENABLE_OBJC_ARC = YES;
				CLANG_WARN_BLOCK_CAPTURE_AUTORELEASING = YES;
				CLANG_WARN_BOOL_CONVERSION = YES;
				CLANG_WARN_COMMA = YES;
				CLANG_WARN_CONSTANT_CONVERSION = YES;
				CLANG_WARN_DIRECT_OBJC_ISA_USAGE = YES_ERROR;
				CLANG_WARN_DOCUMENTATION_COMMENTS = YES;
				CLANG_WARN_EMPTY_BODY = YES;
				CLANG_WARN_ENUM_CONVERSION = YES;
				CLANG_WARN_INFINITE_RECURSION = YES;
				CLANG_WARN_INT_CONVERSION = YES;
				CLANG_WARN_NON_LITERAL_NULL_CONVERSION = YES;
				CLANG_WARN_OBJC_LITERAL_CONVERSION = YES;
				CLANG_WARN_OBJC_ROOT_CLASS = YES_ERROR;
				CLANG_WARN_RANGE_LOOP_ANALYSIS = YES;
				CLANG_WARN_STRICT_PROTOTYPES = YES;
				CLANG_WARN_SUSPICIOUS_MOVE = YES;
				CLANG_WARN_UNGUARDED_AVAILABILITY = YES_AGGRESSIVE;
				CLANG_WARN_UNREACHABLE_CODE = YES;
				CLANG_WARN__DUPLICATE_METHOD_MATCH = YES;
				CODE_SIGN_IDENTITY = "iPhone Developer";
				COPY_PHASE_STRIP = NO;
				DEBUG_INFORMATION_FORMAT = dwarf;
				ENABLE_STRICT_OBJC_MSGSEND = YES;
				ENABLE_TESTABILITY = YES;
				GCC_C_LANGUAGE_STANDARD = gnu11;
				GCC_DYNAMIC_NO_PIC = NO;
				GCC_NO_COMMON_BLOCKS = YES;
				GCC_OPTIMIZATION_LEVEL = 0;
				GCC_PREPROCESSOR_DEFINITIONS = (
					"DEBUG=1",
					"$(inherited)",
				);
				GCC_WARN_64_TO_32_BIT_CONVERSION = YES;
				GCC_WARN_ABOUT_RETURN_TYPE = YES_ERROR;
				GCC_WARN_UNDECLARED_SELECTOR = YES;
				GCC_WARN_UNINITIALIZED_AUTOS = YES_AGGRESSIVE;
				GCC_WARN_UNUSED_FUNCTION = YES;
				GCC_WARN_UNUSED_VARIABLE = YES;
				IPHONEOS_DEPLOYMENT_TARGET = 11.2;
				MTL_ENABLE_DEBUG_INFO = YES;
				ONLY_ACTIVE_ARCH = YES;
				SDKROOT = iphoneos;
				SWIFT_ACTIVE_COMPILATION_CONDITIONS = DEBUG;
				SWIFT_OPTIMIZATION_LEVEL = "-Onone";
			};
			name = Debug;
		};
		23BA2D2821B2BD4B00DC28DB /* Release */ = {
			isa = XCBuildConfiguration;
			buildSettings = {
				ALWAYS_SEARCH_USER_PATHS = NO;
				CLANG_ANALYZER_NONNULL = YES;
				CLANG_ANALYZER_NUMBER_OBJECT_CONVERSION = YES_AGGRESSIVE;
				CLANG_CXX_LANGUAGE_STANDARD = "gnu++14";
				CLANG_CXX_LIBRARY = "libc++";
				CLANG_ENABLE_MODULES = YES;
				CLANG_ENABLE_OBJC_ARC = YES;
				CLANG_WARN_BLOCK_CAPTURE_AUTORELEASING = YES;
				CLANG_WARN_BOOL_CONVERSION = YES;
				CLANG_WARN_COMMA = YES;
				CLANG_WARN_CONSTANT_CONVERSION = YES;
				CLANG_WARN_DIRECT_OBJC_ISA_USAGE = YES_ERROR;
				CLANG_WARN_DOCUMENTATION_COMMENTS = YES;
				CLANG_WARN_EMPTY_BODY = YES;
				CLANG_WARN_ENUM_CONVERSION = YES;
				CLANG_WARN_INFINITE_RECURSION = YES;
				CLANG_WARN_INT_CONVERSION = YES;
				CLANG_WARN_NON_LITERAL_NULL_CONVERSION = YES;
				CLANG_WARN_OBJC_LITERAL_CONVERSION = YES;
				CLANG_WARN_OBJC_ROOT_CLASS = YES_ERROR;
				CLANG_WARN_RANGE_LOOP_ANALYSIS = YES;
				CLANG_WARN_STRICT_PROTOTYPES = YES;
				CLANG_WARN_SUSPICIOUS_MOVE = YES;
				CLANG_WARN_UNGUARDED_AVAILABILITY = YES_AGGRESSIVE;
				CLANG_WARN_UNREACHABLE_CODE = YES;
				CLANG_WARN__DUPLICATE_METHOD_MATCH = YES;
				CODE_SIGN_IDENTITY = "iPhone Developer";
				COPY_PHASE_STRIP = NO;
				DEBUG_INFORMATION_FORMAT = "dwarf-with-dsym";
				ENABLE_NS_ASSERTIONS = NO;
				ENABLE_STRICT_OBJC_MSGSEND = YES;
				GCC_C_LANGUAGE_STANDARD = gnu11;
				GCC_NO_COMMON_BLOCKS = YES;
				GCC_WARN_64_TO_32_BIT_CONVERSION = YES;
				GCC_WARN_ABOUT_RETURN_TYPE = YES_ERROR;
				GCC_WARN_UNDECLARED_SELECTOR = YES;
				GCC_WARN_UNINITIALIZED_AUTOS = YES_AGGRESSIVE;
				GCC_WARN_UNUSED_FUNCTION = YES;
				GCC_WARN_UNUSED_VARIABLE = YES;
				IPHONEOS_DEPLOYMENT_TARGET = 11.2;
				MTL_ENABLE_DEBUG_INFO = NO;
				SDKROOT = iphoneos;
				SWIFT_OPTIMIZATION_LEVEL = "-Owholemodule";
				VALIDATE_PRODUCT = YES;
			};
			name = Release;
		};
		23BA2D2A21B2BD4B00DC28DB /* Debug */ = {
			isa = XCBuildConfiguration;
			buildSettings = {
				ALWAYS_EMBED_SWIFT_STANDARD_LIBRARIES = YES;
				ASSETCATALOG_COMPILER_APPICON_NAME = AppIcon;
				CODE_SIGN_STYLE = Automatic;
				DEVELOPMENT_TEAM = 6X8V5WVDK8;
				INFOPLIST_FILE = Kanto/Info.plist;
				IPHONEOS_DEPLOYMENT_TARGET = 11.2;
				LD_RUNPATH_SEARCH_PATHS = "$(inherited) @executable_path/Frameworks";
				PRODUCT_BUNDLE_IDENTIFIER = "introduction-in-ios.kanto";
				PRODUCT_NAME = "$(TARGET_NAME)";
				SWIFT_VERSION = 4.0;
				TARGETED_DEVICE_FAMILY = 1;
			};
			name = Debug;
		};
		23BA2D2B21B2BD4B00DC28DB /* Release */ = {
			isa = XCBuildConfiguration;
			buildSettings = {
				ALWAYS_EMBED_SWIFT_STANDARD_LIBRARIES = YES;
				ASSETCATALOG_COMPILER_APPICON_NAME = AppIcon;
				CODE_SIGN_STYLE = Automatic;
				DEVELOPMENT_TEAM = 6X8V5WVDK8;
				INFOPLIST_FILE = Kanto/Info.plist;
				IPHONEOS_DEPLOYMENT_TARGET = 11.2;
				LD_RUNPATH_SEARCH_PATHS = "$(inherited) @executable_path/Frameworks";
				PRODUCT_BUNDLE_IDENTIFIER = "introduction-in-ios.kanto";
				PRODUCT_NAME = "$(TARGET_NAME)";
				SWIFT_VERSION = 4.0;
				TARGETED_DEVICE_FAMILY = 1;
			};
			name = Release;
		};
		23BA2D2D21B2BD4B00DC28DB /* Debug */ = {
			isa = XCBuildConfiguration;
			buildSettings = {
				ALWAYS_EMBED_SWIFT_STANDARD_LIBRARIES = YES;
				BUNDLE_LOADER = "$(TEST_HOST)";
				CODE_SIGN_STYLE = Automatic;
				INFOPLIST_FILE = KantoTests/Info.plist;
				LD_RUNPATH_SEARCH_PATHS = "$(inherited) @executable_path/Frameworks @loader_path/Frameworks";
				PRODUCT_BUNDLE_IDENTIFIER = "introduction-in-ios.dsemeryc-dzborovkTests";
				PRODUCT_NAME = "$(TARGET_NAME)";
				SWIFT_VERSION = 4.0;
				TARGETED_DEVICE_FAMILY = "1,2";
				TEST_HOST = "$(BUILT_PRODUCTS_DIR)/Kanto.temp_caseinsensitive_rename.app/Kanto.temp_caseinsensitive_rename";
			};
			name = Debug;
		};
		23BA2D2E21B2BD4B00DC28DB /* Release */ = {
			isa = XCBuildConfiguration;
			buildSettings = {
				ALWAYS_EMBED_SWIFT_STANDARD_LIBRARIES = YES;
				BUNDLE_LOADER = "$(TEST_HOST)";
				CODE_SIGN_STYLE = Automatic;
				INFOPLIST_FILE = KantoTests/Info.plist;
				LD_RUNPATH_SEARCH_PATHS = "$(inherited) @executable_path/Frameworks @loader_path/Frameworks";
				PRODUCT_BUNDLE_IDENTIFIER = "introduction-in-ios.dsemeryc-dzborovkTests";
				PRODUCT_NAME = "$(TARGET_NAME)";
				SWIFT_VERSION = 4.0;
				TARGETED_DEVICE_FAMILY = "1,2";
				TEST_HOST = "$(BUILT_PRODUCTS_DIR)/Kanto.temp_caseinsensitive_rename.app/Kanto.temp_caseinsensitive_rename";
			};
			name = Release;
		};
		23BA2D3021B2BD4B00DC28DB /* Debug */ = {
			isa = XCBuildConfiguration;
			buildSettings = {
				ALWAYS_EMBED_SWIFT_STANDARD_LIBRARIES = YES;
				CODE_SIGN_STYLE = Automatic;
				INFOPLIST_FILE = KantoUITests/Info.plist;
				LD_RUNPATH_SEARCH_PATHS = "$(inherited) @executable_path/Frameworks @loader_path/Frameworks";
				PRODUCT_BUNDLE_IDENTIFIER = "introduction-in-ios.dsemeryc-dzborovkUITests";
				PRODUCT_NAME = "$(TARGET_NAME)";
				SWIFT_VERSION = 4.0;
				TARGETED_DEVICE_FAMILY = "1,2";
				TEST_TARGET_NAME = Kanto;
			};
			name = Debug;
		};
		23BA2D3121B2BD4B00DC28DB /* Release */ = {
			isa = XCBuildConfiguration;
			buildSettings = {
				ALWAYS_EMBED_SWIFT_STANDARD_LIBRARIES = YES;
				CODE_SIGN_STYLE = Automatic;
				INFOPLIST_FILE = KantoUITests/Info.plist;
				LD_RUNPATH_SEARCH_PATHS = "$(inherited) @executable_path/Frameworks @loader_path/Frameworks";
				PRODUCT_BUNDLE_IDENTIFIER = "introduction-in-ios.dsemeryc-dzborovkUITests";
				PRODUCT_NAME = "$(TARGET_NAME)";
				SWIFT_VERSION = 4.0;
				TARGETED_DEVICE_FAMILY = "1,2";
				TEST_TARGET_NAME = Kanto;
			};
			name = Release;
		};
/* End XCBuildConfiguration section */

/* Begin XCConfigurationList section */
		23BA2CFA21B2BD4B00DC28DB /* Build configuration list for PBXProject "Kanto" */ = {
			isa = XCConfigurationList;
			buildConfigurations = (
				23BA2D2721B2BD4B00DC28DB /* Debug */,
				23BA2D2821B2BD4B00DC28DB /* Release */,
			);
			defaultConfigurationIsVisible = 0;
			defaultConfigurationName = Release;
		};
		23BA2D2921B2BD4B00DC28DB /* Build configuration list for PBXNativeTarget "Kanto" */ = {
			isa = XCConfigurationList;
			buildConfigurations = (
				23BA2D2A21B2BD4B00DC28DB /* Debug */,
				23BA2D2B21B2BD4B00DC28DB /* Release */,
			);
			defaultConfigurationIsVisible = 0;
			defaultConfigurationName = Release;
		};
		23BA2D2C21B2BD4B00DC28DB /* Build configuration list for PBXNativeTarget "KantoTests" */ = {
			isa = XCConfigurationList;
			buildConfigurations = (
				23BA2D2D21B2BD4B00DC28DB /* Debug */,
				23BA2D2E21B2BD4B00DC28DB /* Release */,
			);
			defaultConfigurationIsVisible = 0;
			defaultConfigurationName = Release;
		};
		23BA2D2F21B2BD4B00DC28DB /* Build configuration list for PBXNativeTarget "KantoUITests" */ = {
			isa = XCConfigurationList;
			buildConfigurations = (
				23BA2D3021B2BD4B00DC28DB /* Debug */,
				23BA2D3121B2BD4B00DC28DB /* Release */,
			);
			defaultConfigurationIsVisible = 0;
			defaultConfigurationName = Release;
		};
/* End XCConfigurationList section */
	};
	rootObject = 23BA2CF721B2BD4B00DC28DB /* Project object */;
}
