// !$*UTF8*$!
{
	archiveVersion = 1;
	classes = {
	};
	objectVersion = 46;
	objects = {

/* Begin PBXBuildFile section */
		265401FBC1BA6E99182D2638641246BD /* MapKit.framework in Frameworks */ = {isa = PBXBuildFile; fileRef = 1CDFAD6DEC36E849FB16E19BBB883887 /* MapKit.framework */; };
		2DE8A97E6A442983004CEBD5496FD106 /* Pods-dsemeryc2019_Tests-umbrella.h in Headers */ = {isa = PBXBuildFile; fileRef = 828849BE3B11B655333120BAB493E2E9 /* Pods-dsemeryc2019_Tests-umbrella.h */; settings = {ATTRIBUTES = (Public, ); }; };
		67864170E045B43FBB6DA6478107081F /* Pods-dsemeryc2019_Example-umbrella.h in Headers */ = {isa = PBXBuildFile; fileRef = D22ABE5219D59439BF4D549164FB0A44 /* Pods-dsemeryc2019_Example-umbrella.h */; settings = {ATTRIBUTES = (Public, ); }; };
		79FAFBC181834EC722A973146058620C /* UIKit.framework in Frameworks */ = {isa = PBXBuildFile; fileRef = 91C3AA4211197C1E9EF4B21CD10CBECB /* UIKit.framework */; };
		8187BCD7C675049D2DB5F8A10FF9940B /* dsemeryc2019-dummy.m in Sources */ = {isa = PBXBuildFile; fileRef = A2ACEE1E788C422647B0C7B48E65298E /* dsemeryc2019-dummy.m */; };
		9265FA93D3DFB3C3F2830E917D71F353 /* dsemeryc2019-umbrella.h in Headers */ = {isa = PBXBuildFile; fileRef = FD2572269AA82DD46CD37AB2EB323408 /* dsemeryc2019-umbrella.h */; settings = {ATTRIBUTES = (Public, ); }; };
		982772DB817A687409157E7A410945E9 /* Foundation.framework in Frameworks */ = {isa = PBXBuildFile; fileRef = 267854BAEC5BC62FA8D657A2860F2B2F /* Foundation.framework */; };
		A416F6CE1D0EB1C427DC551752367690 /* Foundation.framework in Frameworks */ = {isa = PBXBuildFile; fileRef = 267854BAEC5BC62FA8D657A2860F2B2F /* Foundation.framework */; };
		A9C26D76171687CB233A0DC1C81FC647 /* Pods-dsemeryc2019_Tests-dummy.m in Sources */ = {isa = PBXBuildFile; fileRef = B2EFF06D8E5B0AECD1A173E4E8129C1B /* Pods-dsemeryc2019_Tests-dummy.m */; };
		CBFFAD4475E98FA7CCC7B313A743DDC5 /* Foundation.framework in Frameworks */ = {isa = PBXBuildFile; fileRef = 267854BAEC5BC62FA8D657A2860F2B2F /* Foundation.framework */; };
		DF4173F63B4E35B62340AD62736B054D /* CoreData.framework in Frameworks */ = {isa = PBXBuildFile; fileRef = AED86B12EBDCDF45EB45E1B415C3FB73 /* CoreData.framework */; };
		E66223D46300B1C17BEF1BEA36E740AA /* Pods-dsemeryc2019_Example-dummy.m in Sources */ = {isa = PBXBuildFile; fileRef = A51575A22E42ABFCEDF5178C6C9DDB33 /* Pods-dsemeryc2019_Example-dummy.m */; };
		F0D3051378CF4E9F573AA74EE63050ED /* article.xcdatamodeld in Sources */ = {isa = PBXBuildFile; fileRef = 6030E42D50A0D1CBB65F875442B5F172 /* article.xcdatamodeld */; };
/* End PBXBuildFile section */

/* Begin PBXContainerItemProxy section */
		9E6C7901AC238657D4587A3EAA08FF68 /* PBXContainerItemProxy */ = {
			isa = PBXContainerItemProxy;
			containerPortal = BFDFE7DC352907FC980B868725387E98 /* Project object */;
			proxyType = 1;
			remoteGlobalIDString = 2393E37C252EC445F10B307C12B8EE46;
			remoteInfo = "Pods-dsemeryc2019_Example";
		};
		A658747377C9544B1B9CA88D7436E0BF /* PBXContainerItemProxy */ = {
			isa = PBXContainerItemProxy;
			containerPortal = BFDFE7DC352907FC980B868725387E98 /* Project object */;
			proxyType = 1;
			remoteGlobalIDString = 269E773118DC584E2225232E5186BC07;
			remoteInfo = dsemeryc2019;
		};
/* End PBXContainerItemProxy section */

/* Begin PBXFileReference section */
		03C71ECA74106652428B70A2615BB3D6 /* LICENSE */ = {isa = PBXFileReference; includeInIndex = 1; lastKnownFileType = text; path = LICENSE; sourceTree = "<group>"; };
		0A57B6A62D4C1D045AADEF1233B143D7 /* article.xcdatamodel */ = {isa = PBXFileReference; includeInIndex = 1; lastKnownFileType = wrapper.xcdatamodel; path = article.xcdatamodel; sourceTree = "<group>"; };
		1A3B3F148985121CA149B67D6778D9A7 /* Pods-dsemeryc2019_Example-acknowledgements.markdown */ = {isa = PBXFileReference; includeInIndex = 1; lastKnownFileType = text; path = "Pods-dsemeryc2019_Example-acknowledgements.markdown"; sourceTree = "<group>"; };
		1BA71D0BFB5F8F1CF46CE93A332560C9 /* Pods-dsemeryc2019_Tests.modulemap */ = {isa = PBXFileReference; includeInIndex = 1; lastKnownFileType = sourcecode.module; path = "Pods-dsemeryc2019_Tests.modulemap"; sourceTree = "<group>"; };
		1CDFAD6DEC36E849FB16E19BBB883887 /* MapKit.framework */ = {isa = PBXFileReference; lastKnownFileType = wrapper.framework; name = MapKit.framework; path = Platforms/iPhoneOS.platform/Developer/SDKs/iPhoneOS12.0.sdk/System/Library/Frameworks/MapKit.framework; sourceTree = DEVELOPER_DIR; };
		20E77B8CAADD895A0B9DE001191CC15A /* Pods-dsemeryc2019_Tests-Info.plist */ = {isa = PBXFileReference; includeInIndex = 1; lastKnownFileType = text.plist.xml; path = "Pods-dsemeryc2019_Tests-Info.plist"; sourceTree = "<group>"; };
		267854BAEC5BC62FA8D657A2860F2B2F /* Foundation.framework */ = {isa = PBXFileReference; lastKnownFileType = wrapper.framework; name = Foundation.framework; path = Platforms/iPhoneOS.platform/Developer/SDKs/iPhoneOS12.0.sdk/System/Library/Frameworks/Foundation.framework; sourceTree = DEVELOPER_DIR; };
		26FD292E0FB1EAE1458C497A7DE4BCEF /* Pods_dsemeryc2019_Tests.framework */ = {isa = PBXFileReference; explicitFileType = wrapper.framework; includeInIndex = 0; path = Pods_dsemeryc2019_Tests.framework; sourceTree = BUILT_PRODUCTS_DIR; };
		2AD1B500033971F6A93075EB94E3F7E8 /* Pods-dsemeryc2019_Tests.release.xcconfig */ = {isa = PBXFileReference; includeInIndex = 1; lastKnownFileType = text.xcconfig; path = "Pods-dsemeryc2019_Tests.release.xcconfig"; sourceTree = "<group>"; };
		5C2D92F419D46DBFF940B3707F5BEAC5 /* dsemeryc2019.framework */ = {isa = PBXFileReference; explicitFileType = wrapper.framework; includeInIndex = 0; path = dsemeryc2019.framework; sourceTree = BUILT_PRODUCTS_DIR; };
		5D5AC39CD054E06981A2125D5B6C41ED /* Pods_dsemeryc2019_Example.framework */ = {isa = PBXFileReference; explicitFileType = wrapper.framework; includeInIndex = 0; path = Pods_dsemeryc2019_Example.framework; sourceTree = BUILT_PRODUCTS_DIR; };
		68518FBA412BE4A729E551B2619DE78F /* README.md */ = {isa = PBXFileReference; includeInIndex = 1; lastKnownFileType = net.daringfireball.markdown; path = README.md; sourceTree = "<group>"; };
		7EDA36F6207DB643868A81803702B190 /* dsemeryc2019.xcconfig */ = {isa = PBXFileReference; includeInIndex = 1; lastKnownFileType = text.xcconfig; path = dsemeryc2019.xcconfig; sourceTree = "<group>"; };
		828849BE3B11B655333120BAB493E2E9 /* Pods-dsemeryc2019_Tests-umbrella.h */ = {isa = PBXFileReference; includeInIndex = 1; lastKnownFileType = sourcecode.c.h; path = "Pods-dsemeryc2019_Tests-umbrella.h"; sourceTree = "<group>"; };
		8B2F2BC917A78923C57A0E2A6AFB360D /* Pods-dsemeryc2019_Tests-acknowledgements.markdown */ = {isa = PBXFileReference; includeInIndex = 1; lastKnownFileType = text; path = "Pods-dsemeryc2019_Tests-acknowledgements.markdown"; sourceTree = "<group>"; };
		8DC1B4022FAB7C8A92A4752841DDA95B /* dsemeryc2019.podspec */ = {isa = PBXFileReference; explicitFileType = text.script.ruby; includeInIndex = 1; indentWidth = 2; path = dsemeryc2019.podspec; sourceTree = "<group>"; tabWidth = 2; xcLanguageSpecificationIdentifier = xcode.lang.ruby; };
		91C3AA4211197C1E9EF4B21CD10CBECB /* UIKit.framework */ = {isa = PBXFileReference; lastKnownFileType = wrapper.framework; name = UIKit.framework; path = Platforms/iPhoneOS.platform/Developer/SDKs/iPhoneOS12.0.sdk/System/Library/Frameworks/UIKit.framework; sourceTree = DEVELOPER_DIR; };
		94A9F4D39A3A3BA8184A885E681778AD /* dsemeryc2019.modulemap */ = {isa = PBXFileReference; includeInIndex = 1; lastKnownFileType = sourcecode.module; path = dsemeryc2019.modulemap; sourceTree = "<group>"; };
		9D62A147DF8CD2340106CF460D131349 /* Pods-dsemeryc2019_Example-acknowledgements.plist */ = {isa = PBXFileReference; includeInIndex = 1; lastKnownFileType = text.plist.xml; path = "Pods-dsemeryc2019_Example-acknowledgements.plist"; sourceTree = "<group>"; };
		9D940727FF8FB9C785EB98E56350EF41 /* Podfile */ = {isa = PBXFileReference; explicitFileType = text.script.ruby; includeInIndex = 1; indentWidth = 2; name = Podfile; path = ../Podfile; sourceTree = SOURCE_ROOT; tabWidth = 2; xcLanguageSpecificationIdentifier = xcode.lang.ruby; };
		9F7E124D664AFBFFD754537463CCC706 /* dsemeryc2019-prefix.pch */ = {isa = PBXFileReference; includeInIndex = 1; lastKnownFileType = sourcecode.c.h; path = "dsemeryc2019-prefix.pch"; sourceTree = "<group>"; };
		A1C5C395B02345A3E367FF6028D98350 /* dsemeryc2019-Info.plist */ = {isa = PBXFileReference; includeInIndex = 1; lastKnownFileType = text.plist.xml; path = "dsemeryc2019-Info.plist"; sourceTree = "<group>"; };
		A2ACEE1E788C422647B0C7B48E65298E /* dsemeryc2019-dummy.m */ = {isa = PBXFileReference; includeInIndex = 1; lastKnownFileType = sourcecode.c.objc; path = "dsemeryc2019-dummy.m"; sourceTree = "<group>"; };
		A51575A22E42ABFCEDF5178C6C9DDB33 /* Pods-dsemeryc2019_Example-dummy.m */ = {isa = PBXFileReference; includeInIndex = 1; lastKnownFileType = sourcecode.c.objc; path = "Pods-dsemeryc2019_Example-dummy.m"; sourceTree = "<group>"; };
		A88E1B8B7B0B102D88EDD0DE8F7B46F3 /* Pods-dsemeryc2019_Example.debug.xcconfig */ = {isa = PBXFileReference; includeInIndex = 1; lastKnownFileType = text.xcconfig; path = "Pods-dsemeryc2019_Example.debug.xcconfig"; sourceTree = "<group>"; };
		AED258483222139ECC01157E8848D2D8 /* Pods-dsemeryc2019_Example.modulemap */ = {isa = PBXFileReference; includeInIndex = 1; lastKnownFileType = sourcecode.module; path = "Pods-dsemeryc2019_Example.modulemap"; sourceTree = "<group>"; };
		AED86B12EBDCDF45EB45E1B415C3FB73 /* CoreData.framework */ = {isa = PBXFileReference; lastKnownFileType = wrapper.framework; name = CoreData.framework; path = Platforms/iPhoneOS.platform/Developer/SDKs/iPhoneOS12.0.sdk/System/Library/Frameworks/CoreData.framework; sourceTree = DEVELOPER_DIR; };
		B2EFF06D8E5B0AECD1A173E4E8129C1B /* Pods-dsemeryc2019_Tests-dummy.m */ = {isa = PBXFileReference; includeInIndex = 1; lastKnownFileType = sourcecode.c.objc; path = "Pods-dsemeryc2019_Tests-dummy.m"; sourceTree = "<group>"; };
		C441528BFAFEEF6ED264A8927AFD5A44 /* Pods-dsemeryc2019_Tests-acknowledgements.plist */ = {isa = PBXFileReference; includeInIndex = 1; lastKnownFileType = text.plist.xml; path = "Pods-dsemeryc2019_Tests-acknowledgements.plist"; sourceTree = "<group>"; };
		D22ABE5219D59439BF4D549164FB0A44 /* Pods-dsemeryc2019_Example-umbrella.h */ = {isa = PBXFileReference; includeInIndex = 1; lastKnownFileType = sourcecode.c.h; path = "Pods-dsemeryc2019_Example-umbrella.h"; sourceTree = "<group>"; };
		DEE57E798E56103B8D5736A6EF684D85 /* Pods-dsemeryc2019_Example.release.xcconfig */ = {isa = PBXFileReference; includeInIndex = 1; lastKnownFileType = text.xcconfig; path = "Pods-dsemeryc2019_Example.release.xcconfig"; sourceTree = "<group>"; };
		E1BA989ABB94D5C93D7AEE707DD28613 /* Pods-dsemeryc2019_Example-Info.plist */ = {isa = PBXFileReference; includeInIndex = 1; lastKnownFileType = text.plist.xml; path = "Pods-dsemeryc2019_Example-Info.plist"; sourceTree = "<group>"; };
		E9ACEC63687CB4D90E1937C103D783E9 /* Pods-dsemeryc2019_Example-frameworks.sh */ = {isa = PBXFileReference; includeInIndex = 1; lastKnownFileType = text.script.sh; path = "Pods-dsemeryc2019_Example-frameworks.sh"; sourceTree = "<group>"; };
		F49B7BEBE9078B79EE3270798BA645A0 /* Pods-dsemeryc2019_Tests.debug.xcconfig */ = {isa = PBXFileReference; includeInIndex = 1; lastKnownFileType = text.xcconfig; path = "Pods-dsemeryc2019_Tests.debug.xcconfig"; sourceTree = "<group>"; };
		FD2572269AA82DD46CD37AB2EB323408 /* dsemeryc2019-umbrella.h */ = {isa = PBXFileReference; includeInIndex = 1; lastKnownFileType = sourcecode.c.h; path = "dsemeryc2019-umbrella.h"; sourceTree = "<group>"; };
/* End PBXFileReference section */

/* Begin PBXFrameworksBuildPhase section */
		4B37EFE0729A357197C9FD7E287048B5 /* Frameworks */ = {
			isa = PBXFrameworksBuildPhase;
			buildActionMask = 2147483647;
			files = (
				DF4173F63B4E35B62340AD62736B054D /* CoreData.framework in Frameworks */,
				A416F6CE1D0EB1C427DC551752367690 /* Foundation.framework in Frameworks */,
				265401FBC1BA6E99182D2638641246BD /* MapKit.framework in Frameworks */,
				79FAFBC181834EC722A973146058620C /* UIKit.framework in Frameworks */,
			);
			runOnlyForDeploymentPostprocessing = 0;
		};
		ADC222C369F09FCF2E07A89E51B7F1C0 /* Frameworks */ = {
			isa = PBXFrameworksBuildPhase;
			buildActionMask = 2147483647;
			files = (
				CBFFAD4475E98FA7CCC7B313A743DDC5 /* Foundation.framework in Frameworks */,
			);
			runOnlyForDeploymentPostprocessing = 0;
		};
		C30F7DC2F9FE78981894F8A3CEF1A730 /* Frameworks */ = {
			isa = PBXFrameworksBuildPhase;
			buildActionMask = 2147483647;
			files = (
				982772DB817A687409157E7A410945E9 /* Foundation.framework in Frameworks */,
			);
			runOnlyForDeploymentPostprocessing = 0;
		};
/* End PBXFrameworksBuildPhase section */

/* Begin PBXGroup section */
		142C6FAF6F69D652F9939FD226F55481 /* Support Files */ = {
			isa = PBXGroup;
			children = (
				94A9F4D39A3A3BA8184A885E681778AD /* dsemeryc2019.modulemap */,
				7EDA36F6207DB643868A81803702B190 /* dsemeryc2019.xcconfig */,
				A2ACEE1E788C422647B0C7B48E65298E /* dsemeryc2019-dummy.m */,
				A1C5C395B02345A3E367FF6028D98350 /* dsemeryc2019-Info.plist */,
				9F7E124D664AFBFFD754537463CCC706 /* dsemeryc2019-prefix.pch */,
				FD2572269AA82DD46CD37AB2EB323408 /* dsemeryc2019-umbrella.h */,
			);
			name = "Support Files";
			path = "Example/Pods/Target Support Files/dsemeryc2019";
			sourceTree = "<group>";
		};
		2C85EF5A862FD5BE2F30AD24307FFAAA /* iOS */ = {
			isa = PBXGroup;
			children = (
				AED86B12EBDCDF45EB45E1B415C3FB73 /* CoreData.framework */,
				267854BAEC5BC62FA8D657A2860F2B2F /* Foundation.framework */,
				1CDFAD6DEC36E849FB16E19BBB883887 /* MapKit.framework */,
				91C3AA4211197C1E9EF4B21CD10CBECB /* UIKit.framework */,
			);
			name = iOS;
			sourceTree = "<group>";
		};
		3B6626CF1F05F713145C5A65BE29E601 /* Targets Support Files */ = {
			isa = PBXGroup;
			children = (
				413B82F4E5AFFE5F4435C3AA1EDB7802 /* Pods-dsemeryc2019_Example */,
				66F83DD2545B986D52B653705378ABC5 /* Pods-dsemeryc2019_Tests */,
			);
			name = "Targets Support Files";
			sourceTree = "<group>";
		};
		413B82F4E5AFFE5F4435C3AA1EDB7802 /* Pods-dsemeryc2019_Example */ = {
			isa = PBXGroup;
			children = (
				AED258483222139ECC01157E8848D2D8 /* Pods-dsemeryc2019_Example.modulemap */,
				1A3B3F148985121CA149B67D6778D9A7 /* Pods-dsemeryc2019_Example-acknowledgements.markdown */,
				9D62A147DF8CD2340106CF460D131349 /* Pods-dsemeryc2019_Example-acknowledgements.plist */,
				A51575A22E42ABFCEDF5178C6C9DDB33 /* Pods-dsemeryc2019_Example-dummy.m */,
				E9ACEC63687CB4D90E1937C103D783E9 /* Pods-dsemeryc2019_Example-frameworks.sh */,
				E1BA989ABB94D5C93D7AEE707DD28613 /* Pods-dsemeryc2019_Example-Info.plist */,
				D22ABE5219D59439BF4D549164FB0A44 /* Pods-dsemeryc2019_Example-umbrella.h */,
				A88E1B8B7B0B102D88EDD0DE8F7B46F3 /* Pods-dsemeryc2019_Example.debug.xcconfig */,
				DEE57E798E56103B8D5736A6EF684D85 /* Pods-dsemeryc2019_Example.release.xcconfig */,
			);
			name = "Pods-dsemeryc2019_Example";
			path = "Target Support Files/Pods-dsemeryc2019_Example";
			sourceTree = "<group>";
		};
		66F83DD2545B986D52B653705378ABC5 /* Pods-dsemeryc2019_Tests */ = {
			isa = PBXGroup;
			children = (
				1BA71D0BFB5F8F1CF46CE93A332560C9 /* Pods-dsemeryc2019_Tests.modulemap */,
				8B2F2BC917A78923C57A0E2A6AFB360D /* Pods-dsemeryc2019_Tests-acknowledgements.markdown */,
				C441528BFAFEEF6ED264A8927AFD5A44 /* Pods-dsemeryc2019_Tests-acknowledgements.plist */,
				B2EFF06D8E5B0AECD1A173E4E8129C1B /* Pods-dsemeryc2019_Tests-dummy.m */,
				20E77B8CAADD895A0B9DE001191CC15A /* Pods-dsemeryc2019_Tests-Info.plist */,
				828849BE3B11B655333120BAB493E2E9 /* Pods-dsemeryc2019_Tests-umbrella.h */,
				F49B7BEBE9078B79EE3270798BA645A0 /* Pods-dsemeryc2019_Tests.debug.xcconfig */,
				2AD1B500033971F6A93075EB94E3F7E8 /* Pods-dsemeryc2019_Tests.release.xcconfig */,
			);
			name = "Pods-dsemeryc2019_Tests";
			path = "Target Support Files/Pods-dsemeryc2019_Tests";
			sourceTree = "<group>";
		};
		804853B728A2CCC7ED1ADF265CB2BA66 /* dsemeryc2019 */ = {
			isa = PBXGroup;
			children = (
				A8D4FB50371CAE56A275A313EA5FAB04 /* Pod */,
				EEA31D79F4C7904BE391F889655B691E /* Resources */,
				142C6FAF6F69D652F9939FD226F55481 /* Support Files */,
			);
			name = dsemeryc2019;
			path = ../..;
			sourceTree = "<group>";
		};
		A8D4FB50371CAE56A275A313EA5FAB04 /* Pod */ = {
			isa = PBXGroup;
			children = (
				8DC1B4022FAB7C8A92A4752841DDA95B /* dsemeryc2019.podspec */,
				03C71ECA74106652428B70A2615BB3D6 /* LICENSE */,
				68518FBA412BE4A729E551B2619DE78F /* README.md */,
			);
			name = Pod;
			sourceTree = "<group>";
		};
		AAE16CA47A435A4A4277E8EAB1403792 /* Development Pods */ = {
			isa = PBXGroup;
			children = (
				804853B728A2CCC7ED1ADF265CB2BA66 /* dsemeryc2019 */,
			);
			name = "Development Pods";
			sourceTree = "<group>";
		};
		B1DFABCB06C7D26FDEE2D845400DA2B9 /* Products */ = {
			isa = PBXGroup;
			children = (
				5C2D92F419D46DBFF940B3707F5BEAC5 /* dsemeryc2019.framework */,
				5D5AC39CD054E06981A2125D5B6C41ED /* Pods_dsemeryc2019_Example.framework */,
				26FD292E0FB1EAE1458C497A7DE4BCEF /* Pods_dsemeryc2019_Tests.framework */,
			);
			name = Products;
			sourceTree = "<group>";
		};
		BA4F31F07263C99FC76E66D632A59F09 /* Frameworks */ = {
			isa = PBXGroup;
			children = (
				2C85EF5A862FD5BE2F30AD24307FFAAA /* iOS */,
			);
			name = Frameworks;
			sourceTree = "<group>";
		};
		CF1408CF629C7361332E53B88F7BD30C = {
			isa = PBXGroup;
			children = (
				9D940727FF8FB9C785EB98E56350EF41 /* Podfile */,
				AAE16CA47A435A4A4277E8EAB1403792 /* Development Pods */,
				BA4F31F07263C99FC76E66D632A59F09 /* Frameworks */,
				B1DFABCB06C7D26FDEE2D845400DA2B9 /* Products */,
				3B6626CF1F05F713145C5A65BE29E601 /* Targets Support Files */,
			);
			sourceTree = "<group>";
		};
		EEA31D79F4C7904BE391F889655B691E /* Resources */ = {
			isa = PBXGroup;
			children = (
				6030E42D50A0D1CBB65F875442B5F172 /* article.xcdatamodeld */,
			);
			name = Resources;
			sourceTree = "<group>";
		};
/* End PBXGroup section */

/* Begin PBXHeadersBuildPhase section */
		1552E98B3149F425AB8BD5778271A67B /* Headers */ = {
			isa = PBXHeadersBuildPhase;
			buildActionMask = 2147483647;
			files = (
				9265FA93D3DFB3C3F2830E917D71F353 /* dsemeryc2019-umbrella.h in Headers */,
			);
			runOnlyForDeploymentPostprocessing = 0;
		};
		99139D8F6D6D3DF07656F6DAC3B7459F /* Headers */ = {
			isa = PBXHeadersBuildPhase;
			buildActionMask = 2147483647;
			files = (
				2DE8A97E6A442983004CEBD5496FD106 /* Pods-dsemeryc2019_Tests-umbrella.h in Headers */,
			);
			runOnlyForDeploymentPostprocessing = 0;
		};
		A3DEFFB9590C0CA8266ACE77DA2EA676 /* Headers */ = {
			isa = PBXHeadersBuildPhase;
			buildActionMask = 2147483647;
			files = (
				67864170E045B43FBB6DA6478107081F /* Pods-dsemeryc2019_Example-umbrella.h in Headers */,
			);
			runOnlyForDeploymentPostprocessing = 0;
		};
/* End PBXHeadersBuildPhase section */

/* Begin PBXNativeTarget section */
		2393E37C252EC445F10B307C12B8EE46 /* Pods-dsemeryc2019_Example */ = {
			isa = PBXNativeTarget;
			buildConfigurationList = D9F5E753D12F16D5DF22C83616E9045A /* Build configuration list for PBXNativeTarget "Pods-dsemeryc2019_Example" */;
			buildPhases = (
				A3DEFFB9590C0CA8266ACE77DA2EA676 /* Headers */,
				9828F8A1B86CDA0442B1FC70494BE882 /* Sources */,
				ADC222C369F09FCF2E07A89E51B7F1C0 /* Frameworks */,
				7D88E21E25B2FFD35ACB4586B7710677 /* Resources */,
			);
			buildRules = (
			);
			dependencies = (
				76AD089B85672C8705D3911F82F910F9 /* PBXTargetDependency */,
			);
			name = "Pods-dsemeryc2019_Example";
			productName = "Pods-dsemeryc2019_Example";
			productReference = 5D5AC39CD054E06981A2125D5B6C41ED /* Pods_dsemeryc2019_Example.framework */;
			productType = "com.apple.product-type.framework";
		};
		269E773118DC584E2225232E5186BC07 /* dsemeryc2019 */ = {
			isa = PBXNativeTarget;
			buildConfigurationList = 5502E156C45A8B1421113915442DA86A /* Build configuration list for PBXNativeTarget "dsemeryc2019" */;
			buildPhases = (
				1552E98B3149F425AB8BD5778271A67B /* Headers */,
				07E816BA42D930D15A100CE03FCDD43A /* Sources */,
				4B37EFE0729A357197C9FD7E287048B5 /* Frameworks */,
				8AF5DDDB7675932DA5F0FF97C3FA7992 /* Resources */,
			);
			buildRules = (
			);
			dependencies = (
			);
			name = dsemeryc2019;
			productName = dsemeryc2019;
			productReference = 5C2D92F419D46DBFF940B3707F5BEAC5 /* dsemeryc2019.framework */;
			productType = "com.apple.product-type.framework";
		};
		BFBB87AD371D0559D3A878F24C489D26 /* Pods-dsemeryc2019_Tests */ = {
			isa = PBXNativeTarget;
			buildConfigurationList = E74742E752C462645B3549C7081674E3 /* Build configuration list for PBXNativeTarget "Pods-dsemeryc2019_Tests" */;
			buildPhases = (
				99139D8F6D6D3DF07656F6DAC3B7459F /* Headers */,
				01411C74EF11718860DDA74217711DDF /* Sources */,
				C30F7DC2F9FE78981894F8A3CEF1A730 /* Frameworks */,
				E5675C6231E4698713F04F22ACC6342D /* Resources */,
			);
			buildRules = (
			);
			dependencies = (
				7BED2254ECBE60A4ABAFD52B50DEB0DD /* PBXTargetDependency */,
			);
			name = "Pods-dsemeryc2019_Tests";
			productName = "Pods-dsemeryc2019_Tests";
			productReference = 26FD292E0FB1EAE1458C497A7DE4BCEF /* Pods_dsemeryc2019_Tests.framework */;
			productType = "com.apple.product-type.framework";
		};
/* End PBXNativeTarget section */

/* Begin PBXProject section */
		BFDFE7DC352907FC980B868725387E98 /* Project object */ = {
			isa = PBXProject;
			attributes = {
				LastSwiftUpdateCheck = 0930;
				LastUpgradeCheck = 0930;
			};
			buildConfigurationList = 4821239608C13582E20E6DA73FD5F1F9 /* Build configuration list for PBXProject "Pods" */;
			compatibilityVersion = "Xcode 3.2";
			developmentRegion = English;
			hasScannedForEncodings = 0;
			knownRegions = (
				en,
			);
			mainGroup = CF1408CF629C7361332E53B88F7BD30C;
			productRefGroup = B1DFABCB06C7D26FDEE2D845400DA2B9 /* Products */;
			projectDirPath = "";
			projectRoot = "";
			targets = (
				269E773118DC584E2225232E5186BC07 /* dsemeryc2019 */,
				2393E37C252EC445F10B307C12B8EE46 /* Pods-dsemeryc2019_Example */,
				BFBB87AD371D0559D3A878F24C489D26 /* Pods-dsemeryc2019_Tests */,
			);
		};
/* End PBXProject section */

/* Begin PBXResourcesBuildPhase section */
		7D88E21E25B2FFD35ACB4586B7710677 /* Resources */ = {
			isa = PBXResourcesBuildPhase;
			buildActionMask = 2147483647;
			files = (
			);
			runOnlyForDeploymentPostprocessing = 0;
		};
		8AF5DDDB7675932DA5F0FF97C3FA7992 /* Resources */ = {
			isa = PBXResourcesBuildPhase;
			buildActionMask = 2147483647;
			files = (
			);
			runOnlyForDeploymentPostprocessing = 0;
		};
		E5675C6231E4698713F04F22ACC6342D /* Resources */ = {
			isa = PBXResourcesBuildPhase;
			buildActionMask = 2147483647;
			files = (
			);
			runOnlyForDeploymentPostprocessing = 0;
		};
/* End PBXResourcesBuildPhase section */

/* Begin PBXSourcesBuildPhase section */
		01411C74EF11718860DDA74217711DDF /* Sources */ = {
			isa = PBXSourcesBuildPhase;
			buildActionMask = 2147483647;
			files = (
				A9C26D76171687CB233A0DC1C81FC647 /* Pods-dsemeryc2019_Tests-dummy.m in Sources */,
			);
			runOnlyForDeploymentPostprocessing = 0;
		};
		07E816BA42D930D15A100CE03FCDD43A /* Sources */ = {
			isa = PBXSourcesBuildPhase;
			buildActionMask = 2147483647;
			files = (
				F0D3051378CF4E9F573AA74EE63050ED /* article.xcdatamodeld in Sources */,
				8187BCD7C675049D2DB5F8A10FF9940B /* dsemeryc2019-dummy.m in Sources */,
			);
			runOnlyForDeploymentPostprocessing = 0;
		};
		9828F8A1B86CDA0442B1FC70494BE882 /* Sources */ = {
			isa = PBXSourcesBuildPhase;
			buildActionMask = 2147483647;
			files = (
				E66223D46300B1C17BEF1BEA36E740AA /* Pods-dsemeryc2019_Example-dummy.m in Sources */,
			);
			runOnlyForDeploymentPostprocessing = 0;
		};
/* End PBXSourcesBuildPhase section */

/* Begin PBXTargetDependency section */
		76AD089B85672C8705D3911F82F910F9 /* PBXTargetDependency */ = {
			isa = PBXTargetDependency;
			name = dsemeryc2019;
			target = 269E773118DC584E2225232E5186BC07 /* dsemeryc2019 */;
			targetProxy = A658747377C9544B1B9CA88D7436E0BF /* PBXContainerItemProxy */;
		};
		7BED2254ECBE60A4ABAFD52B50DEB0DD /* PBXTargetDependency */ = {
			isa = PBXTargetDependency;
			name = "Pods-dsemeryc2019_Example";
			target = 2393E37C252EC445F10B307C12B8EE46 /* Pods-dsemeryc2019_Example */;
			targetProxy = 9E6C7901AC238657D4587A3EAA08FF68 /* PBXContainerItemProxy */;
		};
/* End PBXTargetDependency section */

/* Begin XCBuildConfiguration section */
		1C52A4B9188EC7A1B7E25B6101584580 /* Release */ = {
			isa = XCBuildConfiguration;
			baseConfigurationReference = 2AD1B500033971F6A93075EB94E3F7E8 /* Pods-dsemeryc2019_Tests.release.xcconfig */;
			buildSettings = {
				ALWAYS_EMBED_SWIFT_STANDARD_LIBRARIES = NO;
				CODE_SIGN_IDENTITY = "";
				"CODE_SIGN_IDENTITY[sdk=appletvos*]" = "";
				"CODE_SIGN_IDENTITY[sdk=iphoneos*]" = "";
				"CODE_SIGN_IDENTITY[sdk=watchos*]" = "";
				CURRENT_PROJECT_VERSION = 1;
				DEFINES_MODULE = YES;
				DYLIB_COMPATIBILITY_VERSION = 1;
				DYLIB_CURRENT_VERSION = 1;
				DYLIB_INSTALL_NAME_BASE = "@rpath";
				INFOPLIST_FILE = "Target Support Files/Pods-dsemeryc2019_Tests/Pods-dsemeryc2019_Tests-Info.plist";
				INSTALL_PATH = "$(LOCAL_LIBRARY_DIR)/Frameworks";
				IPHONEOS_DEPLOYMENT_TARGET = 9.3;
				LD_RUNPATH_SEARCH_PATHS = "$(inherited) @executable_path/Frameworks @loader_path/Frameworks";
				MACH_O_TYPE = staticlib;
				MODULEMAP_FILE = "Target Support Files/Pods-dsemeryc2019_Tests/Pods-dsemeryc2019_Tests.modulemap";
				OTHER_LDFLAGS = "";
				OTHER_LIBTOOLFLAGS = "";
				PODS_ROOT = "$(SRCROOT)";
				PRODUCT_BUNDLE_IDENTIFIER = "org.cocoapods.${PRODUCT_NAME:rfc1034identifier}";
				PRODUCT_NAME = "$(TARGET_NAME:c99extidentifier)";
				SDKROOT = iphoneos;
				SKIP_INSTALL = YES;
				TARGETED_DEVICE_FAMILY = "1,2";
				VALIDATE_PRODUCT = YES;
				VERSIONING_SYSTEM = "apple-generic";
				VERSION_INFO_PREFIX = "";
			};
			name = Release;
		};
		45CD021965DA346CB141FCD6B92FD287 /* Release */ = {
			isa = XCBuildConfiguration;
			baseConfigurationReference = DEE57E798E56103B8D5736A6EF684D85 /* Pods-dsemeryc2019_Example.release.xcconfig */;
			buildSettings = {
				ALWAYS_EMBED_SWIFT_STANDARD_LIBRARIES = NO;
				CODE_SIGN_IDENTITY = "";
				"CODE_SIGN_IDENTITY[sdk=appletvos*]" = "";
				"CODE_SIGN_IDENTITY[sdk=iphoneos*]" = "";
				"CODE_SIGN_IDENTITY[sdk=watchos*]" = "";
				CURRENT_PROJECT_VERSION = 1;
				DEFINES_MODULE = YES;
				DYLIB_COMPATIBILITY_VERSION = 1;
				DYLIB_CURRENT_VERSION = 1;
				DYLIB_INSTALL_NAME_BASE = "@rpath";
				INFOPLIST_FILE = "Target Support Files/Pods-dsemeryc2019_Example/Pods-dsemeryc2019_Example-Info.plist";
				INSTALL_PATH = "$(LOCAL_LIBRARY_DIR)/Frameworks";
				IPHONEOS_DEPLOYMENT_TARGET = 9.3;
				LD_RUNPATH_SEARCH_PATHS = "$(inherited) @executable_path/Frameworks @loader_path/Frameworks";
				MACH_O_TYPE = staticlib;
				MODULEMAP_FILE = "Target Support Files/Pods-dsemeryc2019_Example/Pods-dsemeryc2019_Example.modulemap";
				OTHER_LDFLAGS = "";
				OTHER_LIBTOOLFLAGS = "";
				PODS_ROOT = "$(SRCROOT)";
				PRODUCT_BUNDLE_IDENTIFIER = "org.cocoapods.${PRODUCT_NAME:rfc1034identifier}";
				PRODUCT_NAME = "$(TARGET_NAME:c99extidentifier)";
				SDKROOT = iphoneos;
				SKIP_INSTALL = YES;
				TARGETED_DEVICE_FAMILY = "1,2";
				VALIDATE_PRODUCT = YES;
				VERSIONING_SYSTEM = "apple-generic";
				VERSION_INFO_PREFIX = "";
			};
			name = Release;
		};
		652089E9180DF58F4E892C236749B082 /* Debug */ = {
			isa = XCBuildConfiguration;
			baseConfigurationReference = F49B7BEBE9078B79EE3270798BA645A0 /* Pods-dsemeryc2019_Tests.debug.xcconfig */;
			buildSettings = {
				ALWAYS_EMBED_SWIFT_STANDARD_LIBRARIES = NO;
				CODE_SIGN_IDENTITY = "";
				"CODE_SIGN_IDENTITY[sdk=appletvos*]" = "";
				"CODE_SIGN_IDENTITY[sdk=iphoneos*]" = "";
				"CODE_SIGN_IDENTITY[sdk=watchos*]" = "";
				CURRENT_PROJECT_VERSION = 1;
				DEFINES_MODULE = YES;
				DYLIB_COMPATIBILITY_VERSION = 1;
				DYLIB_CURRENT_VERSION = 1;
				DYLIB_INSTALL_NAME_BASE = "@rpath";
				INFOPLIST_FILE = "Target Support Files/Pods-dsemeryc2019_Tests/Pods-dsemeryc2019_Tests-Info.plist";
				INSTALL_PATH = "$(LOCAL_LIBRARY_DIR)/Frameworks";
				IPHONEOS_DEPLOYMENT_TARGET = 9.3;
				LD_RUNPATH_SEARCH_PATHS = "$(inherited) @executable_path/Frameworks @loader_path/Frameworks";
				MACH_O_TYPE = staticlib;
				MODULEMAP_FILE = "Target Support Files/Pods-dsemeryc2019_Tests/Pods-dsemeryc2019_Tests.modulemap";
				OTHER_LDFLAGS = "";
				OTHER_LIBTOOLFLAGS = "";
				PODS_ROOT = "$(SRCROOT)";
				PRODUCT_BUNDLE_IDENTIFIER = "org.cocoapods.${PRODUCT_NAME:rfc1034identifier}";
				PRODUCT_NAME = "$(TARGET_NAME:c99extidentifier)";
				SDKROOT = iphoneos;
				SKIP_INSTALL = YES;
				TARGETED_DEVICE_FAMILY = "1,2";
				VERSIONING_SYSTEM = "apple-generic";
				VERSION_INFO_PREFIX = "";
			};
			name = Debug;
		};
		758FAA861A7EA3DDD18D43B00ADDC1DF /* Debug */ = {
			isa = XCBuildConfiguration;
			baseConfigurationReference = A88E1B8B7B0B102D88EDD0DE8F7B46F3 /* Pods-dsemeryc2019_Example.debug.xcconfig */;
			buildSettings = {
				ALWAYS_EMBED_SWIFT_STANDARD_LIBRARIES = NO;
				CODE_SIGN_IDENTITY = "";
				"CODE_SIGN_IDENTITY[sdk=appletvos*]" = "";
				"CODE_SIGN_IDENTITY[sdk=iphoneos*]" = "";
				"CODE_SIGN_IDENTITY[sdk=watchos*]" = "";
				CURRENT_PROJECT_VERSION = 1;
				DEFINES_MODULE = YES;
				DYLIB_COMPATIBILITY_VERSION = 1;
				DYLIB_CURRENT_VERSION = 1;
				DYLIB_INSTALL_NAME_BASE = "@rpath";
				INFOPLIST_FILE = "Target Support Files/Pods-dsemeryc2019_Example/Pods-dsemeryc2019_Example-Info.plist";
				INSTALL_PATH = "$(LOCAL_LIBRARY_DIR)/Frameworks";
				IPHONEOS_DEPLOYMENT_TARGET = 9.3;
				LD_RUNPATH_SEARCH_PATHS = "$(inherited) @executable_path/Frameworks @loader_path/Frameworks";
				MACH_O_TYPE = staticlib;
				MODULEMAP_FILE = "Target Support Files/Pods-dsemeryc2019_Example/Pods-dsemeryc2019_Example.modulemap";
				OTHER_LDFLAGS = "";
				OTHER_LIBTOOLFLAGS = "";
				PODS_ROOT = "$(SRCROOT)";
				PRODUCT_BUNDLE_IDENTIFIER = "org.cocoapods.${PRODUCT_NAME:rfc1034identifier}";
				PRODUCT_NAME = "$(TARGET_NAME:c99extidentifier)";
				SDKROOT = iphoneos;
				SKIP_INSTALL = YES;
				TARGETED_DEVICE_FAMILY = "1,2";
				VERSIONING_SYSTEM = "apple-generic";
				VERSION_INFO_PREFIX = "";
			};
			name = Debug;
		};
		AB4D69770D8ACE3A05E80BB3502666F6 /* Debug */ = {
			isa = XCBuildConfiguration;
			buildSettings = {
				ALWAYS_SEARCH_USER_PATHS = NO;
				CLANG_ANALYZER_NONNULL = YES;
				CLANG_ANALYZER_NUMBER_OBJECT_CONVERSION = YES_AGGRESSIVE;
				CLANG_CXX_LANGUAGE_STANDARD = "gnu++14";
				CLANG_CXX_LIBRARY = "libc++";
				CLANG_ENABLE_MODULES = YES;
				CLANG_ENABLE_OBJC_ARC = YES;
				CLANG_ENABLE_OBJC_WEAK = YES;
				CLANG_WARN_BLOCK_CAPTURE_AUTORELEASING = YES;
				CLANG_WARN_BOOL_CONVERSION = YES;
				CLANG_WARN_COMMA = YES;
				CLANG_WARN_CONSTANT_CONVERSION = YES;
				CLANG_WARN_DEPRECATED_OBJC_IMPLEMENTATIONS = YES;
				CLANG_WARN_DIRECT_OBJC_ISA_USAGE = YES_ERROR;
				CLANG_WARN_DOCUMENTATION_COMMENTS = YES;
				CLANG_WARN_EMPTY_BODY = YES;
				CLANG_WARN_ENUM_CONVERSION = YES;
				CLANG_WARN_INFINITE_RECURSION = YES;
				CLANG_WARN_INT_CONVERSION = YES;
				CLANG_WARN_NON_LITERAL_NULL_CONVERSION = YES;
				CLANG_WARN_OBJC_IMPLICIT_RETAIN_SELF = YES;
				CLANG_WARN_OBJC_LITERAL_CONVERSION = YES;
				CLANG_WARN_OBJC_ROOT_CLASS = YES_ERROR;
				CLANG_WARN_RANGE_LOOP_ANALYSIS = YES;
				CLANG_WARN_STRICT_PROTOTYPES = YES;
				CLANG_WARN_SUSPICIOUS_MOVE = YES;
				CLANG_WARN_UNGUARDED_AVAILABILITY = YES_AGGRESSIVE;
				CLANG_WARN_UNREACHABLE_CODE = YES;
				CLANG_WARN__DUPLICATE_METHOD_MATCH = YES;
				COPY_PHASE_STRIP = NO;
				DEBUG_INFORMATION_FORMAT = dwarf;
				ENABLE_STRICT_OBJC_MSGSEND = YES;
				ENABLE_TESTABILITY = YES;
				GCC_C_LANGUAGE_STANDARD = gnu11;
				GCC_DYNAMIC_NO_PIC = NO;
				GCC_NO_COMMON_BLOCKS = YES;
				GCC_OPTIMIZATION_LEVEL = 0;
				GCC_PREPROCESSOR_DEFINITIONS = (
					"POD_CONFIGURATION_DEBUG=1",
					"DEBUG=1",
					"$(inherited)",
				);
				GCC_WARN_64_TO_32_BIT_CONVERSION = YES;
				GCC_WARN_ABOUT_RETURN_TYPE = YES_ERROR;
				GCC_WARN_UNDECLARED_SELECTOR = YES;
				GCC_WARN_UNINITIALIZED_AUTOS = YES_AGGRESSIVE;
				GCC_WARN_UNUSED_FUNCTION = YES;
				GCC_WARN_UNUSED_VARIABLE = YES;
				IPHONEOS_DEPLOYMENT_TARGET = 9.3;
				MTL_ENABLE_DEBUG_INFO = INCLUDE_SOURCE;
				MTL_FAST_MATH = YES;
				ONLY_ACTIVE_ARCH = YES;
				PRODUCT_NAME = "$(TARGET_NAME)";
				STRIP_INSTALLED_PRODUCT = NO;
				SWIFT_ACTIVE_COMPILATION_CONDITIONS = DEBUG;
				SWIFT_OPTIMIZATION_LEVEL = "-Onone";
				SWIFT_VERSION = 4.2;
				SYMROOT = "${SRCROOT}/../build";
			};
			name = Debug;
		};
		C93AED64F448DA8FF001F503071FA8D7 /* Release */ = {
			isa = XCBuildConfiguration;
			baseConfigurationReference = 7EDA36F6207DB643868A81803702B190 /* dsemeryc2019.xcconfig */;
			buildSettings = {
				CODE_SIGN_IDENTITY = "";
				"CODE_SIGN_IDENTITY[sdk=appletvos*]" = "";
				"CODE_SIGN_IDENTITY[sdk=iphoneos*]" = "";
				"CODE_SIGN_IDENTITY[sdk=watchos*]" = "";
				CURRENT_PROJECT_VERSION = 1;
				DEFINES_MODULE = YES;
				DYLIB_COMPATIBILITY_VERSION = 1;
				DYLIB_CURRENT_VERSION = 1;
				DYLIB_INSTALL_NAME_BASE = "@rpath";
				GCC_PREFIX_HEADER = "Target Support Files/dsemeryc2019/dsemeryc2019-prefix.pch";
				INFOPLIST_FILE = "Target Support Files/dsemeryc2019/dsemeryc2019-Info.plist";
				INSTALL_PATH = "$(LOCAL_LIBRARY_DIR)/Frameworks";
				IPHONEOS_DEPLOYMENT_TARGET = 8.0;
				LD_RUNPATH_SEARCH_PATHS = "$(inherited) @executable_path/Frameworks @loader_path/Frameworks";
				MODULEMAP_FILE = "Target Support Files/dsemeryc2019/dsemeryc2019.modulemap";
				PRODUCT_MODULE_NAME = dsemeryc2019;
				PRODUCT_NAME = dsemeryc2019;
				SDKROOT = iphoneos;
				SKIP_INSTALL = YES;
				SWIFT_ACTIVE_COMPILATION_CONDITIONS = "$(inherited) ";
				SWIFT_VERSION = 4.0;
				TARGETED_DEVICE_FAMILY = "1,2";
				VALIDATE_PRODUCT = YES;
				VERSIONING_SYSTEM = "apple-generic";
				VERSION_INFO_PREFIX = "";
			};
			name = Release;
		};
		DE6B1A1A1A1E0CCFD03AC7BB5B6AF67A /* Debug */ = {
			isa = XCBuildConfiguration;
			baseConfigurationReference = 7EDA36F6207DB643868A81803702B190 /* dsemeryc2019.xcconfig */;
			buildSettings = {
				CODE_SIGN_IDENTITY = "";
				"CODE_SIGN_IDENTITY[sdk=appletvos*]" = "";
				"CODE_SIGN_IDENTITY[sdk=iphoneos*]" = "";
				"CODE_SIGN_IDENTITY[sdk=watchos*]" = "";
				CURRENT_PROJECT_VERSION = 1;
				DEFINES_MODULE = YES;
				DYLIB_COMPATIBILITY_VERSION = 1;
				DYLIB_CURRENT_VERSION = 1;
				DYLIB_INSTALL_NAME_BASE = "@rpath";
				GCC_PREFIX_HEADER = "Target Support Files/dsemeryc2019/dsemeryc2019-prefix.pch";
				INFOPLIST_FILE = "Target Support Files/dsemeryc2019/dsemeryc2019-Info.plist";
				INSTALL_PATH = "$(LOCAL_LIBRARY_DIR)/Frameworks";
				IPHONEOS_DEPLOYMENT_TARGET = 8.0;
				LD_RUNPATH_SEARCH_PATHS = "$(inherited) @executable_path/Frameworks @loader_path/Frameworks";
				MODULEMAP_FILE = "Target Support Files/dsemeryc2019/dsemeryc2019.modulemap";
				PRODUCT_MODULE_NAME = dsemeryc2019;
				PRODUCT_NAME = dsemeryc2019;
				SDKROOT = iphoneos;
				SKIP_INSTALL = YES;
				SWIFT_ACTIVE_COMPILATION_CONDITIONS = "$(inherited) ";
				SWIFT_VERSION = 4.0;
				TARGETED_DEVICE_FAMILY = "1,2";
				VERSIONING_SYSTEM = "apple-generic";
				VERSION_INFO_PREFIX = "";
			};
			name = Debug;
		};
		F232B5ECA11A71BFA199A229B323F454 /* Release */ = {
			isa = XCBuildConfiguration;
			buildSettings = {
				ALWAYS_SEARCH_USER_PATHS = NO;
				CLANG_ANALYZER_NONNULL = YES;
				CLANG_ANALYZER_NUMBER_OBJECT_CONVERSION = YES_AGGRESSIVE;
				CLANG_CXX_LANGUAGE_STANDARD = "gnu++14";
				CLANG_CXX_LIBRARY = "libc++";
				CLANG_ENABLE_MODULES = YES;
				CLANG_ENABLE_OBJC_ARC = YES;
				CLANG_ENABLE_OBJC_WEAK = YES;
				CLANG_WARN_BLOCK_CAPTURE_AUTORELEASING = YES;
				CLANG_WARN_BOOL_CONVERSION = YES;
				CLANG_WARN_COMMA = YES;
				CLANG_WARN_CONSTANT_CONVERSION = YES;
				CLANG_WARN_DEPRECATED_OBJC_IMPLEMENTATIONS = YES;
				CLANG_WARN_DIRECT_OBJC_ISA_USAGE = YES_ERROR;
				CLANG_WARN_DOCUMENTATION_COMMENTS = YES;
				CLANG_WARN_EMPTY_BODY = YES;
				CLANG_WARN_ENUM_CONVERSION = YES;
				CLANG_WARN_INFINITE_RECURSION = YES;
				CLANG_WARN_INT_CONVERSION = YES;
				CLANG_WARN_NON_LITERAL_NULL_CONVERSION = YES;
				CLANG_WARN_OBJC_IMPLICIT_RETAIN_SELF = YES;
				CLANG_WARN_OBJC_LITERAL_CONVERSION = YES;
				CLANG_WARN_OBJC_ROOT_CLASS = YES_ERROR;
				CLANG_WARN_RANGE_LOOP_ANALYSIS = YES;
				CLANG_WARN_STRICT_PROTOTYPES = YES;
				CLANG_WARN_SUSPICIOUS_MOVE = YES;
				CLANG_WARN_UNGUARDED_AVAILABILITY = YES_AGGRESSIVE;
				CLANG_WARN_UNREACHABLE_CODE = YES;
				CLANG_WARN__DUPLICATE_METHOD_MATCH = YES;
				COPY_PHASE_STRIP = NO;
				DEBUG_INFORMATION_FORMAT = "dwarf-with-dsym";
				ENABLE_NS_ASSERTIONS = NO;
				ENABLE_STRICT_OBJC_MSGSEND = YES;
				GCC_C_LANGUAGE_STANDARD = gnu11;
				GCC_NO_COMMON_BLOCKS = YES;
				GCC_PREPROCESSOR_DEFINITIONS = (
					"POD_CONFIGURATION_RELEASE=1",
					"$(inherited)",
				);
				GCC_WARN_64_TO_32_BIT_CONVERSION = YES;
				GCC_WARN_ABOUT_RETURN_TYPE = YES_ERROR;
				GCC_WARN_UNDECLARED_SELECTOR = YES;
				GCC_WARN_UNINITIALIZED_AUTOS = YES_AGGRESSIVE;
				GCC_WARN_UNUSED_FUNCTION = YES;
				GCC_WARN_UNUSED_VARIABLE = YES;
				IPHONEOS_DEPLOYMENT_TARGET = 9.3;
				MTL_ENABLE_DEBUG_INFO = NO;
				MTL_FAST_MATH = YES;
				PRODUCT_NAME = "$(TARGET_NAME)";
				STRIP_INSTALLED_PRODUCT = NO;
				SWIFT_COMPILATION_MODE = wholemodule;
				SWIFT_OPTIMIZATION_LEVEL = "-O";
				SWIFT_VERSION = 4.2;
				SYMROOT = "${SRCROOT}/../build";
			};
			name = Release;
		};
/* End XCBuildConfiguration section */

/* Begin XCConfigurationList section */
		4821239608C13582E20E6DA73FD5F1F9 /* Build configuration list for PBXProject "Pods" */ = {
			isa = XCConfigurationList;
			buildConfigurations = (
				AB4D69770D8ACE3A05E80BB3502666F6 /* Debug */,
				F232B5ECA11A71BFA199A229B323F454 /* Release */,
			);
			defaultConfigurationIsVisible = 0;
			defaultConfigurationName = Release;
		};
		5502E156C45A8B1421113915442DA86A /* Build configuration list for PBXNativeTarget "dsemeryc2019" */ = {
			isa = XCConfigurationList;
			buildConfigurations = (
				DE6B1A1A1A1E0CCFD03AC7BB5B6AF67A /* Debug */,
				C93AED64F448DA8FF001F503071FA8D7 /* Release */,
			);
			defaultConfigurationIsVisible = 0;
			defaultConfigurationName = Release;
		};
		D9F5E753D12F16D5DF22C83616E9045A /* Build configuration list for PBXNativeTarget "Pods-dsemeryc2019_Example" */ = {
			isa = XCConfigurationList;
			buildConfigurations = (
				758FAA861A7EA3DDD18D43B00ADDC1DF /* Debug */,
				45CD021965DA346CB141FCD6B92FD287 /* Release */,
			);
			defaultConfigurationIsVisible = 0;
			defaultConfigurationName = Release;
		};
		E74742E752C462645B3549C7081674E3 /* Build configuration list for PBXNativeTarget "Pods-dsemeryc2019_Tests" */ = {
			isa = XCConfigurationList;
			buildConfigurations = (
				652089E9180DF58F4E892C236749B082 /* Debug */,
				1C52A4B9188EC7A1B7E25B6101584580 /* Release */,
			);
			defaultConfigurationIsVisible = 0;
			defaultConfigurationName = Release;
		};
/* End XCConfigurationList section */

/* Begin XCVersionGroup section */
		6030E42D50A0D1CBB65F875442B5F172 /* article.xcdatamodeld */ = {
			isa = XCVersionGroup;
			children = (
				0A57B6A62D4C1D045AADEF1233B143D7 /* article.xcdatamodel */,
			);
			currentVersion = 0A57B6A62D4C1D045AADEF1233B143D7 /* article.xcdatamodel */;
			name = article.xcdatamodeld;
			path = dsemeryc2019/CoreData/article.xcdatamodeld;
			sourceTree = "<group>";
			versionGroupType = wrapper.xcdatamodel;
		};
/* End XCVersionGroup section */
	};
	rootObject = BFDFE7DC352907FC980B868725387E98 /* Project object */;
}
