// !$*UTF8*$!
{
	archiveVersion = 1;
	classes = {
	};
	objectVersion = 48;
	objects = {

/* Begin PBXBuildFile section */
		234030CD2254E3C100A629E2 /* AppDelegate.swift in Sources */ = {isa = PBXBuildFile; fileRef = 234030CC2254E3C100A629E2 /* AppDelegate.swift */; };
		234030D22254E3C100A629E2 /* Main.storyboard in Resources */ = {isa = PBXBuildFile; fileRef = 234030D02254E3C100A629E2 /* Main.storyboard */; };
		234030D42254E3C100A629E2 /* Assets.xcassets in Resources */ = {isa = PBXBuildFile; fileRef = 234030D32254E3C100A629E2 /* Assets.xcassets */; };
		234030D72254E3C100A629E2 /* LaunchScreen.storyboard in Resources */ = {isa = PBXBuildFile; fileRef = 234030D52254E3C100A629E2 /* LaunchScreen.storyboard */; };
		234030DF2254E4C500A629E2 /* TableViewController.swift in Sources */ = {isa = PBXBuildFile; fileRef = 234030DE2254E4C500A629E2 /* TableViewController.swift */; };
		234030E12254E85200A629E2 /* CustomCell.swift in Sources */ = {isa = PBXBuildFile; fileRef = 234030E02254E85200A629E2 /* CustomCell.swift */; };
		23B8E0C022550376003A91B6 /* Model.swift in Sources */ = {isa = PBXBuildFile; fileRef = 23B8E0BF22550376003A91B6 /* Model.swift */; };
		23B8E0C2225503F7003A91B6 /* Person.swift in Sources */ = {isa = PBXBuildFile; fileRef = 23B8E0C1225503F7003A91B6 /* Person.swift */; };
		23B8E0C422552295003A91B6 /* AddPersonViewController.swift in Sources */ = {isa = PBXBuildFile; fileRef = 23B8E0C322552295003A91B6 /* AddPersonViewController.swift */; };
/* End PBXBuildFile section */

/* Begin PBXFileReference section */
		234030C92254E3C100A629E2 /* DeathNote.app */ = {isa = PBXFileReference; explicitFileType = wrapper.application; includeInIndex = 0; path = DeathNote.app; sourceTree = BUILT_PRODUCTS_DIR; };
		234030CC2254E3C100A629E2 /* AppDelegate.swift */ = {isa = PBXFileReference; lastKnownFileType = sourcecode.swift; path = AppDelegate.swift; sourceTree = "<group>"; };
		234030D12254E3C100A629E2 /* Base */ = {isa = PBXFileReference; lastKnownFileType = file.storyboard; name = Base; path = Base.lproj/Main.storyboard; sourceTree = "<group>"; };
		234030D32254E3C100A629E2 /* Assets.xcassets */ = {isa = PBXFileReference; lastKnownFileType = folder.assetcatalog; path = Assets.xcassets; sourceTree = "<group>"; };
		234030D62254E3C100A629E2 /* Base */ = {isa = PBXFileReference; lastKnownFileType = file.storyboard; name = Base; path = Base.lproj/LaunchScreen.storyboard; sourceTree = "<group>"; };
		234030D82254E3C100A629E2 /* Info.plist */ = {isa = PBXFileReference; lastKnownFileType = text.plist.xml; path = Info.plist; sourceTree = "<group>"; };
		234030DE2254E4C500A629E2 /* TableViewController.swift */ = {isa = PBXFileReference; lastKnownFileType = sourcecode.swift; path = TableViewController.swift; sourceTree = "<group>"; };
		234030E02254E85200A629E2 /* CustomCell.swift */ = {isa = PBXFileReference; lastKnownFileType = sourcecode.swift; path = CustomCell.swift; sourceTree = "<group>"; };
		23B8E0BF22550376003A91B6 /* Model.swift */ = {isa = PBXFileReference; lastKnownFileType = sourcecode.swift; path = Model.swift; sourceTree = "<group>"; };
		23B8E0C1225503F7003A91B6 /* Person.swift */ = {isa = PBXFileReference; lastKnownFileType = sourcecode.swift; path = Person.swift; sourceTree = "<group>"; };
		23B8E0C322552295003A91B6 /* AddPersonViewController.swift */ = {isa = PBXFileReference; lastKnownFileType = sourcecode.swift; path = AddPersonViewController.swift; sourceTree = "<group>"; };
/* End PBXFileReference section */

/* Begin PBXFrameworksBuildPhase section */
		234030C62254E3C100A629E2 /* Frameworks */ = {
			isa = PBXFrameworksBuildPhase;
			buildActionMask = 2147483647;
			files = (
			);
			runOnlyForDeploymentPostprocessing = 0;
		};
/* End PBXFrameworksBuildPhase section */

/* Begin PBXGroup section */
		234030C02254E3C100A629E2 = {
			isa = PBXGroup;
			children = (
				234030CB2254E3C100A629E2 /* DeathNote */,
				234030CA2254E3C100A629E2 /* Products */,
			);
			sourceTree = "<group>";
		};
		234030CA2254E3C100A629E2 /* Products */ = {
			isa = PBXGroup;
			children = (
				234030C92254E3C100A629E2 /* DeathNote.app */,
			);
			name = Products;
			sourceTree = "<group>";
		};
		234030CB2254E3C100A629E2 /* DeathNote */ = {
			isa = PBXGroup;
			children = (
				234030CC2254E3C100A629E2 /* AppDelegate.swift */,
				234030E02254E85200A629E2 /* CustomCell.swift */,
				23B8E0BF22550376003A91B6 /* Model.swift */,
				23B8E0C1225503F7003A91B6 /* Person.swift */,
				234030D02254E3C100A629E2 /* Main.storyboard */,
				23B8E0C322552295003A91B6 /* AddPersonViewController.swift */,
				234030DE2254E4C500A629E2 /* TableViewController.swift */,
				234030D32254E3C100A629E2 /* Assets.xcassets */,
				234030D52254E3C100A629E2 /* LaunchScreen.storyboard */,
				234030D82254E3C100A629E2 /* Info.plist */,
			);
			path = DeathNote;
			sourceTree = "<group>";
		};
/* End PBXGroup section */

/* Begin PBXNativeTarget section */
		234030C82254E3C100A629E2 /* DeathNote */ = {
			isa = PBXNativeTarget;
			buildConfigurationList = 234030DB2254E3C100A629E2 /* Build configuration list for PBXNativeTarget "DeathNote" */;
			buildPhases = (
				234030C52254E3C100A629E2 /* Sources */,
				234030C62254E3C100A629E2 /* Frameworks */,
				234030C72254E3C100A629E2 /* Resources */,
			);
			buildRules = (
			);
			dependencies = (
			);
			name = DeathNote;
			productName = DeathNote;
			productReference = 234030C92254E3C100A629E2 /* DeathNote.app */;
			productType = "com.apple.product-type.application";
		};
/* End PBXNativeTarget section */

/* Begin PBXProject section */
		234030C12254E3C100A629E2 /* Project object */ = {
			isa = PBXProject;
			attributes = {
				LastSwiftUpdateCheck = 0920;
				LastUpgradeCheck = 0920;
				ORGANIZATIONNAME = "Denis SEMERYCH";
				TargetAttributes = {
					234030C82254E3C100A629E2 = {
						CreatedOnToolsVersion = 9.2;
						ProvisioningStyle = Automatic;
					};
				};
			};
			buildConfigurationList = 234030C42254E3C100A629E2 /* Build configuration list for PBXProject "DeathNote" */;
			compatibilityVersion = "Xcode 8.0";
			developmentRegion = en;
			hasScannedForEncodings = 0;
			knownRegions = (
				en,
				Base,
			);
			mainGroup = 234030C02254E3C100A629E2;
			productRefGroup = 234030CA2254E3C100A629E2 /* Products */;
			projectDirPath = "";
			projectRoot = "";
			targets = (
				234030C82254E3C100A629E2 /* DeathNote */,
			);
		};
/* End PBXProject section */

/* Begin PBXResourcesBuildPhase section */
		234030C72254E3C100A629E2 /* Resources */ = {
			isa = PBXResourcesBuildPhase;
			buildActionMask = 2147483647;
			files = (
				234030D72254E3C100A629E2 /* LaunchScreen.storyboard in Resources */,
				234030D42254E3C100A629E2 /* Assets.xcassets in Resources */,
				234030D22254E3C100A629E2 /* Main.storyboard in Resources */,
			);
			runOnlyForDeploymentPostprocessing = 0;
		};
/* End PBXResourcesBuildPhase section */

/* Begin PBXSourcesBuildPhase section */
		234030C52254E3C100A629E2 /* Sources */ = {
			isa = PBXSourcesBuildPhase;
			buildActionMask = 2147483647;
			files = (
				23B8E0C2225503F7003A91B6 /* Person.swift in Sources */,
				234030CD2254E3C100A629E2 /* AppDelegate.swift in Sources */,
				234030E12254E85200A629E2 /* CustomCell.swift in Sources */,
				234030DF2254E4C500A629E2 /* TableViewController.swift in Sources */,
				23B8E0C022550376003A91B6 /* Model.swift in Sources */,
				23B8E0C422552295003A91B6 /* AddPersonViewController.swift in Sources */,
			);
			runOnlyForDeploymentPostprocessing = 0;
		};
/* End PBXSourcesBuildPhase section */

/* Begin PBXVariantGroup section */
		234030D02254E3C100A629E2 /* Main.storyboard */ = {
			isa = PBXVariantGroup;
			children = (
				234030D12254E3C100A629E2 /* Base */,
			);
			name = Main.storyboard;
			sourceTree = "<group>";
		};
		234030D52254E3C100A629E2 /* LaunchScreen.storyboard */ = {
			isa = PBXVariantGroup;
			children = (
				234030D62254E3C100A629E2 /* Base */,
			);
			name = LaunchScreen.storyboard;
			sourceTree = "<group>";
		};
/* End PBXVariantGroup section */

/* Begin XCBuildConfiguration section */
		234030D92254E3C100A629E2 /* Debug */ = {
			isa = XCBuildConfiguration;
			buildSettings = {
				ALWAYS_SEARCH_USER_PATHS = NO;
				CLANG_ANALYZER_NONNULL = YES;
				CLANG_ANALYZER_NUMBER_OBJECT_CONVERSION = YES_AGGRESSIVE;
				CLANG_CXX_LANGUAGE_STANDARD = "gnu++14";
				CLANG_CXX_LIBRARY = "libc++";
				CLANG_ENABLE_MODULES = YES;
				CLANG_ENABLE_OBJC_ARC = YES;
				CLANG_WARN_BLOCK_CAPTURE_AUTORELEASING = YES;
				CLANG_WARN_BOOL_CONVERSION = YES;
				CLANG_WARN_COMMA = YES;
				CLANG_WARN_CONSTANT_CONVERSION = YES;
				CLANG_WARN_DIRECT_OBJC_ISA_USAGE = YES_ERROR;
				CLANG_WARN_DOCUMENTATION_COMMENTS = YES;
				CLANG_WARN_EMPTY_BODY = YES;
				CLANG_WARN_ENUM_CONVERSION = YES;
				CLANG_WARN_INFINITE_RECURSION = YES;
				CLANG_WARN_INT_CONVERSION = YES;
				CLANG_WARN_NON_LITERAL_NULL_CONVERSION = YES;
				CLANG_WARN_OBJC_LITERAL_CONVERSION = YES;
				CLANG_WARN_OBJC_ROOT_CLASS = YES_ERROR;
				CLANG_WARN_RANGE_LOOP_ANALYSIS = YES;
				CLANG_WARN_STRICT_PROTOTYPES = YES;
				CLANG_WARN_SUSPICIOUS_MOVE = YES;
				CLANG_WARN_UNGUARDED_AVAILABILITY = YES_AGGRESSIVE;
				CLANG_WARN_UNREACHABLE_CODE = YES;
				CLANG_WARN__DUPLICATE_METHOD_MATCH = YES;
				CODE_SIGN_IDENTITY = "iPhone Developer";
				COPY_PHASE_STRIP = NO;
				DEBUG_INFORMATION_FORMAT = dwarf;
				ENABLE_STRICT_OBJC_MSGSEND = YES;
				ENABLE_TESTABILITY = YES;
				GCC_C_LANGUAGE_STANDARD = gnu11;
				GCC_DYNAMIC_NO_PIC = NO;
				GCC_NO_COMMON_BLOCKS = YES;
				GCC_OPTIMIZATION_LEVEL = 0;
				GCC_PREPROCESSOR_DEFINITIONS = (
					"DEBUG=1",
					"$(inherited)",
				);
				GCC_WARN_64_TO_32_BIT_CONVERSION = YES;
				GCC_WARN_ABOUT_RETURN_TYPE = YES_ERROR;
				GCC_WARN_UNDECLARED_SELECTOR = YES;
				GCC_WARN_UNINITIALIZED_AUTOS = YES_AGGRESSIVE;
				GCC_WARN_UNUSED_FUNCTION = YES;
				GCC_WARN_UNUSED_VARIABLE = YES;
				IPHONEOS_DEPLOYMENT_TARGET = 11.2;
				MTL_ENABLE_DEBUG_INFO = YES;
				ONLY_ACTIVE_ARCH = YES;
				SDKROOT = iphoneos;
				SWIFT_ACTIVE_COMPILATION_CONDITIONS = DEBUG;
				SWIFT_OPTIMIZATION_LEVEL = "-Onone";
			};
			name = Debug;
		};
		234030DA2254E3C100A629E2 /* Release */ = {
			isa = XCBuildConfiguration;
			buildSettings = {
				ALWAYS_SEARCH_USER_PATHS = NO;
				CLANG_ANALYZER_NONNULL = YES;
				CLANG_ANALYZER_NUMBER_OBJECT_CONVERSION = YES_AGGRESSIVE;
				CLANG_CXX_LANGUAGE_STANDARD = "gnu++14";
				CLANG_CXX_LIBRARY = "libc++";
				CLANG_ENABLE_MODULES = YES;
				CLANG_ENABLE_OBJC_ARC = YES;
				CLANG_WARN_BLOCK_CAPTURE_AUTORELEASING = YES;
				CLANG_WARN_BOOL_CONVERSION = YES;
				CLANG_WARN_COMMA = YES;
				CLANG_WARN_CONSTANT_CONVERSION = YES;
				CLANG_WARN_DIRECT_OBJC_ISA_USAGE = YES_ERROR;
				CLANG_WARN_DOCUMENTATION_COMMENTS = YES;
				CLANG_WARN_EMPTY_BODY = YES;
				CLANG_WARN_ENUM_CONVERSION = YES;
				CLANG_WARN_INFINITE_RECURSION = YES;
				CLANG_WARN_INT_CONVERSION = YES;
				CLANG_WARN_NON_LITERAL_NULL_CONVERSION = YES;
				CLANG_WARN_OBJC_LITERAL_CONVERSION = YES;
				CLANG_WARN_OBJC_ROOT_CLASS = YES_ERROR;
				CLANG_WARN_RANGE_LOOP_ANALYSIS = YES;
				CLANG_WARN_STRICT_PROTOTYPES = YES;
				CLANG_WARN_SUSPICIOUS_MOVE = YES;
				CLANG_WARN_UNGUARDED_AVAILABILITY = YES_AGGRESSIVE;
				CLANG_WARN_UNREACHABLE_CODE = YES;
				CLANG_WARN__DUPLICATE_METHOD_MATCH = YES;
				CODE_SIGN_IDENTITY = "iPhone Developer";
				COPY_PHASE_STRIP = NO;
				DEBUG_INFORMATION_FORMAT = "dwarf-with-dsym";
				ENABLE_NS_ASSERTIONS = NO;
				ENABLE_STRICT_OBJC_MSGSEND = YES;
				GCC_C_LANGUAGE_STANDARD = gnu11;
				GCC_NO_COMMON_BLOCKS = YES;
				GCC_WARN_64_TO_32_BIT_CONVERSION = YES;
				GCC_WARN_ABOUT_RETURN_TYPE = YES_ERROR;
				GCC_WARN_UNDECLARED_SELECTOR = YES;
				GCC_WARN_UNINITIALIZED_AUTOS = YES_AGGRESSIVE;
				GCC_WARN_UNUSED_FUNCTION = YES;
				GCC_WARN_UNUSED_VARIABLE = YES;
				IPHONEOS_DEPLOYMENT_TARGET = 11.2;
				MTL_ENABLE_DEBUG_INFO = NO;
				SDKROOT = iphoneos;
				SWIFT_OPTIMIZATION_LEVEL = "-Owholemodule";
				VALIDATE_PRODUCT = YES;
			};
			name = Release;
		};
		234030DC2254E3C100A629E2 /* Debug */ = {
			isa = XCBuildConfiguration;
			buildSettings = {
				ASSETCATALOG_COMPILER_APPICON_NAME = AppIcon;
				CODE_SIGN_STYLE = Automatic;
				INFOPLIST_FILE = DeathNote/Info.plist;
				LD_RUNPATH_SEARCH_PATHS = "$(inherited) @executable_path/Frameworks";
				PRODUCT_BUNDLE_IDENTIFIER = dsemeryc.d02.DeathNote;
				PRODUCT_NAME = "$(TARGET_NAME)";
				SWIFT_VERSION = 4.0;
				TARGETED_DEVICE_FAMILY = "1,2";
			};
			name = Debug;
		};
		234030DD2254E3C100A629E2 /* Release */ = {
			isa = XCBuildConfiguration;
			buildSettings = {
				ASSETCATALOG_COMPILER_APPICON_NAME = AppIcon;
				CODE_SIGN_STYLE = Automatic;
				INFOPLIST_FILE = DeathNote/Info.plist;
				LD_RUNPATH_SEARCH_PATHS = "$(inherited) @executable_path/Frameworks";
				PRODUCT_BUNDLE_IDENTIFIER = dsemeryc.d02.DeathNote;
				PRODUCT_NAME = "$(TARGET_NAME)";
				SWIFT_VERSION = 4.0;
				TARGETED_DEVICE_FAMILY = "1,2";
			};
			name = Release;
		};
/* End XCBuildConfiguration section */

/* Begin XCConfigurationList section */
		234030C42254E3C100A629E2 /* Build configuration list for PBXProject "DeathNote" */ = {
			isa = XCConfigurationList;
			buildConfigurations = (
				234030D92254E3C100A629E2 /* Debug */,
				234030DA2254E3C100A629E2 /* Release */,
			);
			defaultConfigurationIsVisible = 0;
			defaultConfigurationName = Release;
		};
		234030DB2254E3C100A629E2 /* Build configuration list for PBXNativeTarget "DeathNote" */ = {
			isa = XCConfigurationList;
			buildConfigurations = (
				234030DC2254E3C100A629E2 /* Debug */,
				234030DD2254E3C100A629E2 /* Release */,
			);
			defaultConfigurationIsVisible = 0;
			defaultConfigurationName = Release;
		};
/* End XCConfigurationList section */
	};
	rootObject = 234030C12254E3C100A629E2 /* Project object */;
}
